// !$*UTF8*$!
{
	archiveVersion = 1;
	classes = {
	};
	objectVersion = 46;
	objects = {

/* Begin PBXBuildFile section */
		2406F9791678B38600428406 /* TableViewCell.m in Sources */ = {isa = PBXBuildFile; fileRef = 2406F9781678B38600428406 /* TableViewCell.m */; };
		2423E7D218675DD400927EBA /* DCTImageCacheDelegate.h in CopyFiles */ = {isa = PBXBuildFile; fileRef = 2423E7CF18675CF300927EBA /* DCTImageCacheDelegate.h */; };
		24244609167509D200621FFF /* DCTImageCacheAttributes.m in Sources */ = {isa = PBXBuildFile; fileRef = 24244608167509D200621FFF /* DCTImageCacheAttributes.m */; };
		2424460B16750AF000621FFF /* DCTImageCacheAttributes.h in CopyFiles */ = {isa = PBXBuildFile; fileRef = 24244607167509D200621FFF /* DCTImageCacheAttributes.h */; };
		242A90BC194890D40050B8C6 /* iPhone.storyboard in Resources */ = {isa = PBXBuildFile; fileRef = 242A90BB194890D40050B8C6 /* iPhone.storyboard */; };
		242A90BE1948915A0050B8C6 /* Media.xcassets in Resources */ = {isa = PBXBuildFile; fileRef = 242A90BD1948915A0050B8C6 /* Media.xcassets */; };
		242BEEE519A8F2FE0063F2F2 /* DCTImageCache.h in Headers */ = {isa = PBXBuildFile; fileRef = 24F7CB47158A1B9D00B2E33E /* DCTImageCache.h */; settings = {ATTRIBUTES = (Public, ); }; };
		242BEEE619A8F3000063F2F2 /* DCTImageCacheAttributes.h in Headers */ = {isa = PBXBuildFile; fileRef = 24244607167509D200621FFF /* DCTImageCacheAttributes.h */; settings = {ATTRIBUTES = (Public, ); }; };
		242BEEE719A8F3020063F2F2 /* DCTImageCacheDelegate.h in Headers */ = {isa = PBXBuildFile; fileRef = 2423E7CF18675CF300927EBA /* DCTImageCacheDelegate.h */; settings = {ATTRIBUTES = (Public, ); }; };
		242BEEE819A8F30D0063F2F2 /* DCTImageCache+Private.h in Headers */ = {isa = PBXBuildFile; fileRef = 2433AA9A1674D57700D76DCF /* DCTImageCache+Private.h */; };
		242BEEE919A8F30D0063F2F2 /* DCTImageCacheDisk.h in Headers */ = {isa = PBXBuildFile; fileRef = 24B3EED515A30EEB00D5E63C /* DCTImageCacheDisk.h */; };
		242BEEEA19A8F30D0063F2F2 /* DCTImageCacheItem.h in Headers */ = {isa = PBXBuildFile; fileRef = 24568D5919483C03001933EE /* DCTImageCacheItem.h */; };
		242BEEEB19A8F30D0063F2F2 /* _DCTImageCacheItem.h in Headers */ = {isa = PBXBuildFile; fileRef = 24F2DB25165FEDDC008F58D5 /* _DCTImageCacheItem.h */; };
		242BEEEC19A8F30D0063F2F2 /* DCTImageCacheMemory.h in Headers */ = {isa = PBXBuildFile; fileRef = 24B3EEDD15A311D400D5E63C /* DCTImageCacheMemory.h */; };
		242BEEED19A8F30D0063F2F2 /* DCTImageCacheFetcher.h in Headers */ = {isa = PBXBuildFile; fileRef = 24C1582A194A178100C475FC /* DCTImageCacheFetcher.h */; };
		242BEEEE19A8F30D0063F2F2 /* DCTImageCacheSizer.h in Headers */ = {isa = PBXBuildFile; fileRef = 248279FA194A2D4A007D0496 /* DCTImageCacheSizer.h */; };
		242BEEEF19A8F31A0063F2F2 /* DCTImageCache.m in Sources */ = {isa = PBXBuildFile; fileRef = 24F7CB49158A1B9D00B2E33E /* DCTImageCache.m */; };
		242BEEF019A8F31A0063F2F2 /* DCTImageCacheAttributes.m in Sources */ = {isa = PBXBuildFile; fileRef = 24244608167509D200621FFF /* DCTImageCacheAttributes.m */; };
		242BEEF119A8F31A0063F2F2 /* DCTImageCacheDisk.m in Sources */ = {isa = PBXBuildFile; fileRef = 24B3EED615A30EEB00D5E63C /* DCTImageCacheDisk.m */; };
		242BEEF219A8F31A0063F2F2 /* DCTImageCacheItem.m in Sources */ = {isa = PBXBuildFile; fileRef = 24568D5A19483C03001933EE /* DCTImageCacheItem.m */; };
		242BEEF319A8F31A0063F2F2 /* _DCTImageCacheItem.m in Sources */ = {isa = PBXBuildFile; fileRef = 24F2DB26165FEDDC008F58D5 /* _DCTImageCacheItem.m */; };
		242BEEF419A8F31A0063F2F2 /* DCTImageCacheMemory.m in Sources */ = {isa = PBXBuildFile; fileRef = 24B3EEDE15A311D400D5E63C /* DCTImageCacheMemory.m */; };
		242BEEF519A8F31A0063F2F2 /* DCTImageCacheFetcher.m in Sources */ = {isa = PBXBuildFile; fileRef = 24C1582B194A178100C475FC /* DCTImageCacheFetcher.m */; };
		242BEEF619A8F31A0063F2F2 /* DCTImageCacheSizer.m in Sources */ = {isa = PBXBuildFile; fileRef = 248279FB194A2D4A007D0496 /* DCTImageCacheSizer.m */; };
		2437B68315B97BCE00750117 /* DCTImageCache.h in CopyFiles */ = {isa = PBXBuildFile; fileRef = 24F7CB47158A1B9D00B2E33E /* DCTImageCache.h */; };
		2437B68415B97BD700750117 /* DCTImageCache.m in Sources */ = {isa = PBXBuildFile; fileRef = 24F7CB49158A1B9D00B2E33E /* DCTImageCache.m */; };
		2437B68515B97BD700750117 /* DCTImageCacheDisk.m in Sources */ = {isa = PBXBuildFile; fileRef = 24B3EED615A30EEB00D5E63C /* DCTImageCacheDisk.m */; };
		2437B68615B97BD700750117 /* DCTImageCacheMemory.m in Sources */ = {isa = PBXBuildFile; fileRef = 24B3EEDE15A311D400D5E63C /* DCTImageCacheMemory.m */; };
		244DE84719A91D9E00A91DC7 /* DCTImageCache.framework in Frameworks */ = {isa = PBXBuildFile; fileRef = 242BEEC519A8F1D10063F2F2 /* DCTImageCache.framework */; };
		244DE84819A91D9E00A91DC7 /* DCTImageCache.framework in Embed Frameworks */ = {isa = PBXBuildFile; fileRef = 242BEEC519A8F1D10063F2F2 /* DCTImageCache.framework */; settings = {ATTRIBUTES = (CodeSignOnCopy, RemoveHeadersOnCopy, ); }; };
		244DE84C19A91E2D00A91DC7 /* DCTImageCache.xcdatamodeld in Sources */ = {isa = PBXBuildFile; fileRef = 24FCFAA4165FEB25006208A7 /* DCTImageCache.xcdatamodeld */; };
		24568D5B19483C03001933EE /* DCTImageCacheItem.m in Sources */ = {isa = PBXBuildFile; fileRef = 24568D5A19483C03001933EE /* DCTImageCacheItem.m */; };
		248279FC194A2D4A007D0496 /* DCTImageCacheSizer.m in Sources */ = {isa = PBXBuildFile; fileRef = 248279FB194A2D4A007D0496 /* DCTImageCacheSizer.m */; };
		24B3EEC515A2EB1F00D5E63C /* main.m in Sources */ = {isa = PBXBuildFile; fileRef = 24B3EEC415A2EB1F00D5E63C /* main.m */; };
		24B3EEC915A2EB1F00D5E63C /* AppDelegate.m in Sources */ = {isa = PBXBuildFile; fileRef = 24B3EEC815A2EB1F00D5E63C /* AppDelegate.m */; };
		24B3EECC15A2EB1F00D5E63C /* ViewController.m in Sources */ = {isa = PBXBuildFile; fileRef = 24B3EECB15A2EB1F00D5E63C /* ViewController.m */; };
		24C1582C194A178100C475FC /* DCTImageCacheFetcher.m in Sources */ = {isa = PBXBuildFile; fileRef = 24C1582B194A178100C475FC /* DCTImageCacheFetcher.m */; };
		24F2DB27165FEDDC008F58D5 /* _DCTImageCacheItem.m in Sources */ = {isa = PBXBuildFile; fileRef = 24F2DB26165FEDDC008F58D5 /* _DCTImageCacheItem.m */; };
		24FCFAA6165FEB25006208A7 /* DCTImageCache.xcdatamodeld in Sources */ = {isa = PBXBuildFile; fileRef = 24FCFAA4165FEB25006208A7 /* DCTImageCache.xcdatamodeld */; };
/* End PBXBuildFile section */

/* Begin PBXContainerItemProxy section */
		244DE84919A91D9E00A91DC7 /* PBXContainerItemProxy */ = {
			isa = PBXContainerItemProxy;
			containerPortal = 24F7CB36158A1B9D00B2E33E /* Project object */;
			proxyType = 1;
			remoteGlobalIDString = 242BEEC419A8F1D10063F2F2;
			remoteInfo = "DCTImageCache iOS";
		};
		24FCFAA2165FEAC0006208A7 /* PBXContainerItemProxy */ = {
			isa = PBXContainerItemProxy;
			containerPortal = 24F7CB36158A1B9D00B2E33E /* Project object */;
			proxyType = 1;
			remoteGlobalIDString = 24FCFA93165FEAB3006208A7;
			remoteInfo = DCTImageCacheBundle;
		};
/* End PBXContainerItemProxy section */

/* Begin PBXCopyFilesBuildPhase section */
		2437B67515B97BA600750117 /* CopyFiles */ = {
			isa = PBXCopyFilesBuildPhase;
			buildActionMask = 2147483647;
			dstPath = "include/${PRODUCT_NAME}";
			dstSubfolderSpec = 16;
			files = (
				2423E7D218675DD400927EBA /* DCTImageCacheDelegate.h in CopyFiles */,
				2424460B16750AF000621FFF /* DCTImageCacheAttributes.h in CopyFiles */,
				2437B68315B97BCE00750117 /* DCTImageCache.h in CopyFiles */,
			);
			runOnlyForDeploymentPostprocessing = 0;
		};
		244DE84B19A91D9E00A91DC7 /* Embed Frameworks */ = {
			isa = PBXCopyFilesBuildPhase;
			buildActionMask = 2147483647;
			dstPath = "";
			dstSubfolderSpec = 10;
			files = (
				244DE84819A91D9E00A91DC7 /* DCTImageCache.framework in Embed Frameworks */,
			);
			name = "Embed Frameworks";
			runOnlyForDeploymentPostprocessing = 0;
		};
/* End PBXCopyFilesBuildPhase section */

/* Begin PBXFileReference section */
		2406F9771678B38600428406 /* TableViewCell.h */ = {isa = PBXFileReference; fileEncoding = 4; lastKnownFileType = sourcecode.c.h; path = TableViewCell.h; sourceTree = "<group>"; };
		2406F9781678B38600428406 /* TableViewCell.m */ = {isa = PBXFileReference; fileEncoding = 4; lastKnownFileType = sourcecode.c.objc; path = TableViewCell.m; sourceTree = "<group>"; };
		2423E7CF18675CF300927EBA /* DCTImageCacheDelegate.h */ = {isa = PBXFileReference; fileEncoding = 4; lastKnownFileType = sourcecode.c.h; path = DCTImageCacheDelegate.h; sourceTree = "<group>"; };
		24244607167509D200621FFF /* DCTImageCacheAttributes.h */ = {isa = PBXFileReference; fileEncoding = 4; lastKnownFileType = sourcecode.c.h; path = DCTImageCacheAttributes.h; sourceTree = "<group>"; };
		24244608167509D200621FFF /* DCTImageCacheAttributes.m */ = {isa = PBXFileReference; fileEncoding = 4; lastKnownFileType = sourcecode.c.objc; path = DCTImageCacheAttributes.m; sourceTree = "<group>"; };
		242A90BB194890D40050B8C6 /* iPhone.storyboard */ = {isa = PBXFileReference; fileEncoding = 4; lastKnownFileType = file.storyboard; path = iPhone.storyboard; sourceTree = "<group>"; };
		242A90BD1948915A0050B8C6 /* Media.xcassets */ = {isa = PBXFileReference; lastKnownFileType = folder.assetcatalog; path = Media.xcassets; sourceTree = "<group>"; };
		242BEEC519A8F1D10063F2F2 /* DCTImageCache.framework */ = {isa = PBXFileReference; explicitFileType = wrapper.framework; includeInIndex = 0; path = DCTImageCache.framework; sourceTree = BUILT_PRODUCTS_DIR; };
		2433AA9A1674D57700D76DCF /* DCTImageCache+Private.h */ = {isa = PBXFileReference; fileEncoding = 4; lastKnownFileType = sourcecode.c.h; path = "DCTImageCache+Private.h"; sourceTree = "<group>"; };
		2437B67715B97BA600750117 /* libDCTImageCache.a */ = {isa = PBXFileReference; explicitFileType = archive.ar; includeInIndex = 0; path = libDCTImageCache.a; sourceTree = BUILT_PRODUCTS_DIR; };
		244DE83E19A91D5A00A91DC7 /* Debug.xcconfig */ = {isa = PBXFileReference; lastKnownFileType = text.xcconfig; path = Debug.xcconfig; sourceTree = "<group>"; };
		244DE83F19A91D5A00A91DC7 /* iOS Application.xcconfig */ = {isa = PBXFileReference; lastKnownFileType = text.xcconfig; path = "iOS Application.xcconfig"; sourceTree = "<group>"; };
		244DE84019A91D5A00A91DC7 /* iOS Bundle.xcconfig */ = {isa = PBXFileReference; lastKnownFileType = text.xcconfig; path = "iOS Bundle.xcconfig"; sourceTree = "<group>"; };
		244DE84119A91D5A00A91DC7 /* iOS Framework.xcconfig */ = {isa = PBXFileReference; lastKnownFileType = text.xcconfig; path = "iOS Framework.xcconfig"; sourceTree = "<group>"; };
		244DE84219A91D5A00A91DC7 /* iOS Static Library.xcconfig */ = {isa = PBXFileReference; lastKnownFileType = text.xcconfig; path = "iOS Static Library.xcconfig"; sourceTree = "<group>"; };
		244DE84319A91D5A00A91DC7 /* iOS Tests.xcconfig */ = {isa = PBXFileReference; lastKnownFileType = text.xcconfig; path = "iOS Tests.xcconfig"; sourceTree = "<group>"; };
		244DE84419A91D5A00A91DC7 /* OS X Framework.xcconfig */ = {isa = PBXFileReference; lastKnownFileType = text.xcconfig; path = "OS X Framework.xcconfig"; sourceTree = "<group>"; };
		244DE84519A91D5A00A91DC7 /* Release.xcconfig */ = {isa = PBXFileReference; lastKnownFileType = text.xcconfig; path = Release.xcconfig; sourceTree = "<group>"; };
		244DE84619A91D5A00A91DC7 /* Shared.xcconfig */ = {isa = PBXFileReference; lastKnownFileType = text.xcconfig; path = Shared.xcconfig; sourceTree = "<group>"; };
		24568D5919483C03001933EE /* DCTImageCacheItem.h */ = {isa = PBXFileReference; fileEncoding = 4; lastKnownFileType = sourcecode.c.h; path = DCTImageCacheItem.h; sourceTree = "<group>"; };
		24568D5A19483C03001933EE /* DCTImageCacheItem.m */ = {isa = PBXFileReference; fileEncoding = 4; lastKnownFileType = sourcecode.c.objc; path = DCTImageCacheItem.m; sourceTree = "<group>"; };
		248279FA194A2D4A007D0496 /* DCTImageCacheSizer.h */ = {isa = PBXFileReference; fileEncoding = 4; lastKnownFileType = sourcecode.c.h; path = DCTImageCacheSizer.h; sourceTree = "<group>"; };
		248279FB194A2D4A007D0496 /* DCTImageCacheSizer.m */ = {isa = PBXFileReference; fileEncoding = 4; lastKnownFileType = sourcecode.c.objc; path = DCTImageCacheSizer.m; sourceTree = "<group>"; };
		24B3EEB815A2EB1F00D5E63C /* DCTImageCache Demo.app */ = {isa = PBXFileReference; explicitFileType = wrapper.application; includeInIndex = 0; path = "DCTImageCache Demo.app"; sourceTree = BUILT_PRODUCTS_DIR; };
		24B3EEC015A2EB1F00D5E63C /* Info.plist */ = {isa = PBXFileReference; lastKnownFileType = text.plist.xml; path = Info.plist; sourceTree = "<group>"; };
		24B3EEC415A2EB1F00D5E63C /* main.m */ = {isa = PBXFileReference; lastKnownFileType = sourcecode.c.objc; path = main.m; sourceTree = "<group>"; };
		24B3EEC715A2EB1F00D5E63C /* AppDelegate.h */ = {isa = PBXFileReference; lastKnownFileType = sourcecode.c.h; path = AppDelegate.h; sourceTree = "<group>"; };
		24B3EEC815A2EB1F00D5E63C /* AppDelegate.m */ = {isa = PBXFileReference; lastKnownFileType = sourcecode.c.objc; path = AppDelegate.m; sourceTree = "<group>"; };
		24B3EECA15A2EB1F00D5E63C /* ViewController.h */ = {isa = PBXFileReference; lastKnownFileType = sourcecode.c.h; path = ViewController.h; sourceTree = "<group>"; };
		24B3EECB15A2EB1F00D5E63C /* ViewController.m */ = {isa = PBXFileReference; lastKnownFileType = sourcecode.c.objc; path = ViewController.m; sourceTree = "<group>"; };
		24B3EED515A30EEB00D5E63C /* DCTImageCacheDisk.h */ = {isa = PBXFileReference; fileEncoding = 4; lastKnownFileType = sourcecode.c.h; path = DCTImageCacheDisk.h; sourceTree = "<group>"; };
		24B3EED615A30EEB00D5E63C /* DCTImageCacheDisk.m */ = {isa = PBXFileReference; fileEncoding = 4; lastKnownFileType = sourcecode.c.objc; path = DCTImageCacheDisk.m; sourceTree = "<group>"; };
		24B3EEDD15A311D400D5E63C /* DCTImageCacheMemory.h */ = {isa = PBXFileReference; fileEncoding = 4; lastKnownFileType = sourcecode.c.h; path = DCTImageCacheMemory.h; sourceTree = "<group>"; };
		24B3EEDE15A311D400D5E63C /* DCTImageCacheMemory.m */ = {isa = PBXFileReference; fileEncoding = 4; lastKnownFileType = sourcecode.c.objc; path = DCTImageCacheMemory.m; sourceTree = "<group>"; };
		24C1582A194A178100C475FC /* DCTImageCacheFetcher.h */ = {isa = PBXFileReference; fileEncoding = 4; lastKnownFileType = sourcecode.c.h; path = DCTImageCacheFetcher.h; sourceTree = "<group>"; };
		24C1582B194A178100C475FC /* DCTImageCacheFetcher.m */ = {isa = PBXFileReference; fileEncoding = 4; lastKnownFileType = sourcecode.c.objc; path = DCTImageCacheFetcher.m; sourceTree = "<group>"; };
		24F2DB25165FEDDC008F58D5 /* _DCTImageCacheItem.h */ = {isa = PBXFileReference; fileEncoding = 4; lastKnownFileType = sourcecode.c.h; path = _DCTImageCacheItem.h; sourceTree = "<group>"; };
		24F2DB26165FEDDC008F58D5 /* _DCTImageCacheItem.m */ = {isa = PBXFileReference; fileEncoding = 4; lastKnownFileType = sourcecode.c.objc; path = _DCTImageCacheItem.m; sourceTree = "<group>"; };
		24F7CB47158A1B9D00B2E33E /* DCTImageCache.h */ = {isa = PBXFileReference; lastKnownFileType = sourcecode.c.h; path = DCTImageCache.h; sourceTree = "<group>"; };
		24F7CB49158A1B9D00B2E33E /* DCTImageCache.m */ = {isa = PBXFileReference; lastKnownFileType = sourcecode.c.objc; path = DCTImageCache.m; sourceTree = "<group>"; };
		24FCFA94165FEAB3006208A7 /* DCTImageCache.bundle */ = {isa = PBXFileReference; explicitFileType = wrapper.cfbundle; includeInIndex = 0; path = DCTImageCache.bundle; sourceTree = BUILT_PRODUCTS_DIR; };
		24FCFA99165FEAB3006208A7 /* Info.plist */ = {isa = PBXFileReference; lastKnownFileType = text.plist.xml; path = Info.plist; sourceTree = "<group>"; };
		24FCFAA5165FEB25006208A7 /* DCTImageCache.xcdatamodel */ = {isa = PBXFileReference; lastKnownFileType = wrapper.xcdatamodel; path = DCTImageCache.xcdatamodel; sourceTree = "<group>"; };
/* End PBXFileReference section */

/* Begin PBXFrameworksBuildPhase section */
		242BEEC119A8F1D10063F2F2 /* Frameworks */ = {
			isa = PBXFrameworksBuildPhase;
			buildActionMask = 2147483647;
			files = (
			);
			runOnlyForDeploymentPostprocessing = 0;
		};
		2437B67415B97BA600750117 /* Frameworks */ = {
			isa = PBXFrameworksBuildPhase;
			buildActionMask = 2147483647;
			files = (
			);
			runOnlyForDeploymentPostprocessing = 0;
		};
		24B3EEB515A2EB1F00D5E63C /* Frameworks */ = {
			isa = PBXFrameworksBuildPhase;
			buildActionMask = 2147483647;
			files = (
				244DE84719A91D9E00A91DC7 /* DCTImageCache.framework in Frameworks */,
			);
			runOnlyForDeploymentPostprocessing = 0;
		};
		24FCFA91165FEAB3006208A7 /* Frameworks */ = {
			isa = PBXFrameworksBuildPhase;
			buildActionMask = 2147483647;
			files = (
			);
			runOnlyForDeploymentPostprocessing = 0;
		};
/* End PBXFrameworksBuildPhase section */

/* Begin PBXGroup section */
		242EF8EA1859D74200ED0622 /* Private */ = {
			isa = PBXGroup;
			children = (
				2433AA9A1674D57700D76DCF /* DCTImageCache+Private.h */,
				24B3EED515A30EEB00D5E63C /* DCTImageCacheDisk.h */,
				24B3EED615A30EEB00D5E63C /* DCTImageCacheDisk.m */,
				24568D5919483C03001933EE /* DCTImageCacheItem.h */,
				24568D5A19483C03001933EE /* DCTImageCacheItem.m */,
				24F2DB25165FEDDC008F58D5 /* _DCTImageCacheItem.h */,
				24F2DB26165FEDDC008F58D5 /* _DCTImageCacheItem.m */,
				24B3EEDD15A311D400D5E63C /* DCTImageCacheMemory.h */,
				24B3EEDE15A311D400D5E63C /* DCTImageCacheMemory.m */,
				24C1582A194A178100C475FC /* DCTImageCacheFetcher.h */,
				24C1582B194A178100C475FC /* DCTImageCacheFetcher.m */,
				248279FA194A2D4A007D0496 /* DCTImageCacheSizer.h */,
				248279FB194A2D4A007D0496 /* DCTImageCacheSizer.m */,
			);
			name = Private;
			sourceTree = "<group>";
		};
		244DE83D19A91D5A00A91DC7 /* Configurations */ = {
			isa = PBXGroup;
			children = (
				244DE83E19A91D5A00A91DC7 /* Debug.xcconfig */,
				244DE83F19A91D5A00A91DC7 /* iOS Application.xcconfig */,
				244DE84019A91D5A00A91DC7 /* iOS Bundle.xcconfig */,
				244DE84119A91D5A00A91DC7 /* iOS Framework.xcconfig */,
				244DE84219A91D5A00A91DC7 /* iOS Static Library.xcconfig */,
				244DE84319A91D5A00A91DC7 /* iOS Tests.xcconfig */,
				244DE84419A91D5A00A91DC7 /* OS X Framework.xcconfig */,
				244DE84519A91D5A00A91DC7 /* Release.xcconfig */,
				244DE84619A91D5A00A91DC7 /* Shared.xcconfig */,
			);
			path = Configurations;
			sourceTree = "<group>";
		};
		24B3EEBE15A2EB1F00D5E63C /* DCTImageCache Demo */ = {
			isa = PBXGroup;
			children = (
				242A90BB194890D40050B8C6 /* iPhone.storyboard */,
				242A90BD1948915A0050B8C6 /* Media.xcassets */,
				24B3EEC715A2EB1F00D5E63C /* AppDelegate.h */,
				24B3EEC815A2EB1F00D5E63C /* AppDelegate.m */,
				24B3EECA15A2EB1F00D5E63C /* ViewController.h */,
				24B3EECB15A2EB1F00D5E63C /* ViewController.m */,
				2406F9771678B38600428406 /* TableViewCell.h */,
				2406F9781678B38600428406 /* TableViewCell.m */,
				24B3EEC015A2EB1F00D5E63C /* Info.plist */,
				24B3EEC415A2EB1F00D5E63C /* main.m */,
			);
			path = "DCTImageCache Demo";
			sourceTree = "<group>";
		};
		24F7CB34158A1B9D00B2E33E = {
			isa = PBXGroup;
			children = (
				24F7CB44158A1B9D00B2E33E /* DCTImageCache */,
				24FCFA97165FEAB3006208A7 /* DCTImageCache Bundle */,
				24B3EEBE15A2EB1F00D5E63C /* DCTImageCache Demo */,
				244DE83D19A91D5A00A91DC7 /* Configurations */,
				24F7CB40158A1B9D00B2E33E /* Products */,
			);
			sourceTree = "<group>";
		};
		24F7CB40158A1B9D00B2E33E /* Products */ = {
			isa = PBXGroup;
			children = (
				24B3EEB815A2EB1F00D5E63C /* DCTImageCache Demo.app */,
				2437B67715B97BA600750117 /* libDCTImageCache.a */,
				24FCFA94165FEAB3006208A7 /* DCTImageCache.bundle */,
				242BEEC519A8F1D10063F2F2 /* DCTImageCache.framework */,
			);
			name = Products;
			sourceTree = "<group>";
		};
		24F7CB44158A1B9D00B2E33E /* DCTImageCache */ = {
			isa = PBXGroup;
			children = (
				24F7CB47158A1B9D00B2E33E /* DCTImageCache.h */,
				24F7CB49158A1B9D00B2E33E /* DCTImageCache.m */,
				24244607167509D200621FFF /* DCTImageCacheAttributes.h */,
				24244608167509D200621FFF /* DCTImageCacheAttributes.m */,
				2423E7CF18675CF300927EBA /* DCTImageCacheDelegate.h */,
				242EF8EA1859D74200ED0622 /* Private */,
			);
			path = DCTImageCache;
			sourceTree = "<group>";
		};
		24FCFA97165FEAB3006208A7 /* DCTImageCache Bundle */ = {
			isa = PBXGroup;
			children = (
				24FCFAA4165FEB25006208A7 /* DCTImageCache.xcdatamodeld */,
				24FCFA99165FEAB3006208A7 /* Info.plist */,
			);
			path = "DCTImageCache Bundle";
			sourceTree = "<group>";
		};
/* End PBXGroup section */

/* Begin PBXHeadersBuildPhase section */
		242BEEC219A8F1D10063F2F2 /* Headers */ = {
			isa = PBXHeadersBuildPhase;
			buildActionMask = 2147483647;
			files = (
				242BEEE519A8F2FE0063F2F2 /* DCTImageCache.h in Headers */,
				242BEEE719A8F3020063F2F2 /* DCTImageCacheDelegate.h in Headers */,
				242BEEE619A8F3000063F2F2 /* DCTImageCacheAttributes.h in Headers */,
				242BEEE819A8F30D0063F2F2 /* DCTImageCache+Private.h in Headers */,
				242BEEE919A8F30D0063F2F2 /* DCTImageCacheDisk.h in Headers */,
				242BEEEA19A8F30D0063F2F2 /* DCTImageCacheItem.h in Headers */,
				242BEEEB19A8F30D0063F2F2 /* _DCTImageCacheItem.h in Headers */,
				242BEEEC19A8F30D0063F2F2 /* DCTImageCacheMemory.h in Headers */,
				242BEEED19A8F30D0063F2F2 /* DCTImageCacheFetcher.h in Headers */,
				242BEEEE19A8F30D0063F2F2 /* DCTImageCacheSizer.h in Headers */,
			);
			runOnlyForDeploymentPostprocessing = 0;
		};
/* End PBXHeadersBuildPhase section */

/* Begin PBXNativeTarget section */
		242BEEC419A8F1D10063F2F2 /* DCTImageCache iOS */ = {
			isa = PBXNativeTarget;
			buildConfigurationList = 242BEED919A8F1D10063F2F2 /* Build configuration list for PBXNativeTarget "DCTImageCache iOS" */;
			buildPhases = (
				242BEEC019A8F1D10063F2F2 /* Sources */,
				242BEEC119A8F1D10063F2F2 /* Frameworks */,
				242BEEC219A8F1D10063F2F2 /* Headers */,
				242BEEC319A8F1D10063F2F2 /* Resources */,
			);
			buildRules = (
			);
			dependencies = (
			);
			name = "DCTImageCache iOS";
			productName = "DCTImageCache iOS";
			productReference = 242BEEC519A8F1D10063F2F2 /* DCTImageCache.framework */;
			productType = "com.apple.product-type.framework";
		};
		2437B67615B97BA600750117 /* DCTImageCache */ = {
			isa = PBXNativeTarget;
			buildConfigurationList = 2437B68015B97BA600750117 /* Build configuration list for PBXNativeTarget "DCTImageCache" */;
			buildPhases = (
				2437B67315B97BA600750117 /* Sources */,
				2437B67415B97BA600750117 /* Frameworks */,
				2437B67515B97BA600750117 /* CopyFiles */,
				24493EE218CFB275003A1AA5 /* Documentation */,
			);
			buildRules = (
			);
			dependencies = (
				24FCFAA3165FEAC0006208A7 /* PBXTargetDependency */,
			);
			name = DCTImageCache;
			productName = DCTImageCache;
			productReference = 2437B67715B97BA600750117 /* libDCTImageCache.a */;
			productType = "com.apple.product-type.library.static";
		};
		24B3EEB715A2EB1F00D5E63C /* DCTImageCache Demo */ = {
			isa = PBXNativeTarget;
			buildConfigurationList = 24B3EED215A2EB1F00D5E63C /* Build configuration list for PBXNativeTarget "DCTImageCache Demo" */;
			buildPhases = (
				24B3EEB415A2EB1F00D5E63C /* Sources */,
				24B3EEB515A2EB1F00D5E63C /* Frameworks */,
				24B3EEB615A2EB1F00D5E63C /* Resources */,
				244DE84B19A91D9E00A91DC7 /* Embed Frameworks */,
			);
			buildRules = (
			);
			dependencies = (
				244DE84A19A91D9E00A91DC7 /* PBXTargetDependency */,
			);
			name = "DCTImageCache Demo";
			productName = DCTImageCaccheDemo;
			productReference = 24B3EEB815A2EB1F00D5E63C /* DCTImageCache Demo.app */;
			productType = "com.apple.product-type.application";
		};
		24FCFA93165FEAB3006208A7 /* DCTImageCache Bundle */ = {
			isa = PBXNativeTarget;
			buildConfigurationList = 24FCFAA0165FEAB3006208A7 /* Build configuration list for PBXNativeTarget "DCTImageCache Bundle" */;
			buildPhases = (
				24FCFA90165FEAB3006208A7 /* Sources */,
				24FCFA91165FEAB3006208A7 /* Frameworks */,
				24FCFA92165FEAB3006208A7 /* Resources */,
			);
			buildRules = (
			);
			dependencies = (
			);
			name = "DCTImageCache Bundle";
			productName = DCTImageCacheBundle;
			productReference = 24FCFA94165FEAB3006208A7 /* DCTImageCache.bundle */;
			productType = "com.apple.product-type.bundle";
		};
/* End PBXNativeTarget section */

/* Begin PBXProject section */
		24F7CB36158A1B9D00B2E33E /* Project object */ = {
			isa = PBXProject;
			attributes = {
				LastTestingUpgradeCheck = 0510;
				LastUpgradeCheck = 0500;
				ORGANIZATIONNAME = "Daniel Tull";
				TargetAttributes = {
					242BEEC419A8F1D10063F2F2 = {
						CreatedOnToolsVersion = 6.0;
					};
				};
			};
			buildConfigurationList = 24F7CB39158A1B9D00B2E33E /* Build configuration list for PBXProject "DCTImageCache" */;
			compatibilityVersion = "Xcode 3.2";
			developmentRegion = English;
			hasScannedForEncodings = 0;
			knownRegions = (
				en,
			);
			mainGroup = 24F7CB34158A1B9D00B2E33E;
			productRefGroup = 24F7CB40158A1B9D00B2E33E /* Products */;
			projectDirPath = "";
			projectRoot = "";
			targets = (
				2437B67615B97BA600750117 /* DCTImageCache */,
				242BEEC419A8F1D10063F2F2 /* DCTImageCache iOS */,
				24FCFA93165FEAB3006208A7 /* DCTImageCache Bundle */,
				24B3EEB715A2EB1F00D5E63C /* DCTImageCache Demo */,
			);
		};
/* End PBXProject section */

/* Begin PBXResourcesBuildPhase section */
		242BEEC319A8F1D10063F2F2 /* Resources */ = {
			isa = PBXResourcesBuildPhase;
			buildActionMask = 2147483647;
			files = (
			);
			runOnlyForDeploymentPostprocessing = 0;
		};
		24B3EEB615A2EB1F00D5E63C /* Resources */ = {
			isa = PBXResourcesBuildPhase;
			buildActionMask = 2147483647;
			files = (
				242A90BC194890D40050B8C6 /* iPhone.storyboard in Resources */,
				242A90BE1948915A0050B8C6 /* Media.xcassets in Resources */,
			);
			runOnlyForDeploymentPostprocessing = 0;
		};
		24FCFA92165FEAB3006208A7 /* Resources */ = {
			isa = PBXResourcesBuildPhase;
			buildActionMask = 2147483647;
			files = (
			);
			runOnlyForDeploymentPostprocessing = 0;
		};
/* End PBXResourcesBuildPhase section */

/* Begin PBXShellScriptBuildPhase section */
		24493EE218CFB275003A1AA5 /* Documentation */ = {
			isa = PBXShellScriptBuildPhase;
			buildActionMask = 2147483647;
			files = (
			);
			inputPaths = (
			);
			name = Documentation;
			outputPaths = (
			);
			runOnlyForDeploymentPostprocessing = 0;
			shellPath = /bin/sh;
			shellScript = "# Add this to Xcode's PATH to find homebrew installation\nPATH=$PATH:/usr/local/bin\n\nappledoc=`which appledoc`\n\nif [ $appledoc ]; then\n\ncompany=\"Daniel Tull\";\ncompanyID=\"uk.co.danieltull\";\ncompanyURL=\"http://danieltull.co.uk\";\nuuid=`uuidgen`\necho ${uuid}\noutputPath=\"/tmp/${uuid}\";\n\n$appledoc \\\n--project-name \"${PRODUCT_NAME}\" \\\n--project-company \"${company}\" \\\n--company-id \"${companyID}\" \\\n--output \"${outputPath}\" \\\n--create-docset \\\n--install-docset \\\n--create-html \\\n--docset-platform-family \"iphoneos\" \\\n--exit-threshold 2 \\\n--no-repeat-first-par \\\n\"${BUILT_PRODUCTS_DIR}/include/${PRODUCT_NAME}\"\n\nrm -rf ${outputPath}\n\nelse\n\necho \"appledoc not found.\"\n\nfi;\n";
		};
/* End PBXShellScriptBuildPhase section */

/* Begin PBXSourcesBuildPhase section */
		242BEEC019A8F1D10063F2F2 /* Sources */ = {
			isa = PBXSourcesBuildPhase;
			buildActionMask = 2147483647;
			files = (
				242BEEEF19A8F31A0063F2F2 /* DCTImageCache.m in Sources */,
				242BEEF019A8F31A0063F2F2 /* DCTImageCacheAttributes.m in Sources */,
				242BEEF119A8F31A0063F2F2 /* DCTImageCacheDisk.m in Sources */,
				242BEEF219A8F31A0063F2F2 /* DCTImageCacheItem.m in Sources */,
				242BEEF319A8F31A0063F2F2 /* _DCTImageCacheItem.m in Sources */,
				242BEEF419A8F31A0063F2F2 /* DCTImageCacheMemory.m in Sources */,
				242BEEF519A8F31A0063F2F2 /* DCTImageCacheFetcher.m in Sources */,
				242BEEF619A8F31A0063F2F2 /* DCTImageCacheSizer.m in Sources */,
				244DE84C19A91E2D00A91DC7 /* DCTImageCache.xcdatamodeld in Sources */,
			);
			runOnlyForDeploymentPostprocessing = 0;
		};
		2437B67315B97BA600750117 /* Sources */ = {
			isa = PBXSourcesBuildPhase;
			buildActionMask = 2147483647;
			files = (
				2437B68415B97BD700750117 /* DCTImageCache.m in Sources */,
				2437B68515B97BD700750117 /* DCTImageCacheDisk.m in Sources */,
				2437B68615B97BD700750117 /* DCTImageCacheMemory.m in Sources */,
				24F2DB27165FEDDC008F58D5 /* _DCTImageCacheItem.m in Sources */,
				24C1582C194A178100C475FC /* DCTImageCacheFetcher.m in Sources */,
				24244609167509D200621FFF /* DCTImageCacheAttributes.m in Sources */,
				248279FC194A2D4A007D0496 /* DCTImageCacheSizer.m in Sources */,
				24568D5B19483C03001933EE /* DCTImageCacheItem.m in Sources */,
			);
			runOnlyForDeploymentPostprocessing = 0;
		};
		24B3EEB415A2EB1F00D5E63C /* Sources */ = {
			isa = PBXSourcesBuildPhase;
			buildActionMask = 2147483647;
			files = (
				24B3EEC515A2EB1F00D5E63C /* main.m in Sources */,
				24B3EEC915A2EB1F00D5E63C /* AppDelegate.m in Sources */,
				24B3EECC15A2EB1F00D5E63C /* ViewController.m in Sources */,
				2406F9791678B38600428406 /* TableViewCell.m in Sources */,
			);
			runOnlyForDeploymentPostprocessing = 0;
		};
		24FCFA90165FEAB3006208A7 /* Sources */ = {
			isa = PBXSourcesBuildPhase;
			buildActionMask = 2147483647;
			files = (
				24FCFAA6165FEB25006208A7 /* DCTImageCache.xcdatamodeld in Sources */,
			);
			runOnlyForDeploymentPostprocessing = 0;
		};
/* End PBXSourcesBuildPhase section */

/* Begin PBXTargetDependency section */
		244DE84A19A91D9E00A91DC7 /* PBXTargetDependency */ = {
			isa = PBXTargetDependency;
			target = 242BEEC419A8F1D10063F2F2 /* DCTImageCache iOS */;
			targetProxy = 244DE84919A91D9E00A91DC7 /* PBXContainerItemProxy */;
		};
		24FCFAA3165FEAC0006208A7 /* PBXTargetDependency */ = {
			isa = PBXTargetDependency;
			target = 24FCFA93165FEAB3006208A7 /* DCTImageCache Bundle */;
			targetProxy = 24FCFAA2165FEAC0006208A7 /* PBXContainerItemProxy */;
		};
/* End PBXTargetDependency section */

/* Begin XCBuildConfiguration section */
		242BEED519A8F1D10063F2F2 /* Debug */ = {
			isa = XCBuildConfiguration;
			baseConfigurationReference = 244DE84119A91D5A00A91DC7 /* iOS Framework.xcconfig */;
			buildSettings = {
				CURRENT_PROJECT_VERSION = 1;
				DYLIB_COMPATIBILITY_VERSION = 1;
				DYLIB_CURRENT_VERSION = 1;
				IPHONEOS_DEPLOYMENT_TARGET = 8.0;
				PRODUCT_NAME = DCTImageCache;
			};
			name = Debug;
		};
		242BEED619A8F1D10063F2F2 /* Release */ = {
			isa = XCBuildConfiguration;
			baseConfigurationReference = 244DE84119A91D5A00A91DC7 /* iOS Framework.xcconfig */;
			buildSettings = {
				CURRENT_PROJECT_VERSION = 1;
				DYLIB_COMPATIBILITY_VERSION = 1;
				DYLIB_CURRENT_VERSION = 1;
				IPHONEOS_DEPLOYMENT_TARGET = 8.0;
				PRODUCT_NAME = DCTImageCache;
			};
			name = Release;
		};
		2437B68115B97BA600750117 /* Debug */ = {
			isa = XCBuildConfiguration;
			baseConfigurationReference = 244DE84219A91D5A00A91DC7 /* iOS Static Library.xcconfig */;
			buildSettings = {
				PRODUCT_NAME = "$(TARGET_NAME)";
			};
			name = Debug;
		};
		2437B68215B97BA600750117 /* Release */ = {
			isa = XCBuildConfiguration;
			baseConfigurationReference = 244DE84219A91D5A00A91DC7 /* iOS Static Library.xcconfig */;
			buildSettings = {
				PRODUCT_NAME = "$(TARGET_NAME)";
			};
			name = Release;
		};
		24B3EED015A2EB1F00D5E63C /* Debug */ = {
			isa = XCBuildConfiguration;
			baseConfigurationReference = 244DE83F19A91D5A00A91DC7 /* iOS Application.xcconfig */;
			buildSettings = {
				IPHONEOS_DEPLOYMENT_TARGET = 8.0;
				LD_RUNPATH_SEARCH_PATHS = "$(inherited) @executable_path/Frameworks";
			};
			name = Debug;
		};
		24B3EED115A2EB1F00D5E63C /* Release */ = {
			isa = XCBuildConfiguration;
			baseConfigurationReference = 244DE83F19A91D5A00A91DC7 /* iOS Application.xcconfig */;
			buildSettings = {
				IPHONEOS_DEPLOYMENT_TARGET = 8.0;
				LD_RUNPATH_SEARCH_PATHS = "$(inherited) @executable_path/Frameworks";
			};
			name = Release;
		};
		24F7CB62158A1B9D00B2E33E /* Debug */ = {
			isa = XCBuildConfiguration;
			baseConfigurationReference = 244DE83E19A91D5A00A91DC7 /* Debug.xcconfig */;
			buildSettings = {
			};
			name = Debug;
		};
		24F7CB63158A1B9D00B2E33E /* Release */ = {
			isa = XCBuildConfiguration;
			baseConfigurationReference = 244DE84519A91D5A00A91DC7 /* Release.xcconfig */;
			buildSettings = {
			};
			name = Release;
		};
		24FCFA9E165FEAB3006208A7 /* Debug */ = {
			isa = XCBuildConfiguration;
			baseConfigurationReference = 244DE84019A91D5A00A91DC7 /* iOS Bundle.xcconfig */;
			buildSettings = {
				INFOPLIST_FILE = "$(PRODUCT_NAME) Bundle/Info.plist";
				PRODUCT_NAME = DCTImageCache;
			};
			name = Debug;
		};
		24FCFA9F165FEAB3006208A7 /* Release */ = {
			isa = XCBuildConfiguration;
			baseConfigurationReference = 244DE84019A91D5A00A91DC7 /* iOS Bundle.xcconfig */;
			buildSettings = {
				INFOPLIST_FILE = "$(PRODUCT_NAME) Bundle/Info.plist";
				PRODUCT_NAME = DCTImageCache;
			};
			name = Release;
		};
/* End XCBuildConfiguration section */

/* Begin XCConfigurationList section */
		242BEED919A8F1D10063F2F2 /* Build configuration list for PBXNativeTarget "DCTImageCache iOS" */ = {
			isa = XCConfigurationList;
			buildConfigurations = (
				242BEED519A8F1D10063F2F2 /* Debug */,
				242BEED619A8F1D10063F2F2 /* Release */,
			);
			defaultConfigurationIsVisible = 0;
			defaultConfigurationName = Release;
		};
		2437B68015B97BA600750117 /* Build configuration list for PBXNativeTarget "DCTImageCache" */ = {
			isa = XCConfigurationList;
			buildConfigurations = (
				2437B68115B97BA600750117 /* Debug */,
				2437B68215B97BA600750117 /* Release */,
			);
			defaultConfigurationIsVisible = 0;
			defaultConfigurationName = Release;
		};
		24B3EED215A2EB1F00D5E63C /* Build configuration list for PBXNativeTarget "DCTImageCache Demo" */ = {
			isa = XCConfigurationList;
			buildConfigurations = (
				24B3EED015A2EB1F00D5E63C /* Debug */,
				24B3EED115A2EB1F00D5E63C /* Release */,
			);
			defaultConfigurationIsVisible = 0;
			defaultConfigurationName = Release;
		};
		24F7CB39158A1B9D00B2E33E /* Build configuration list for PBXProject "DCTImageCache" */ = {
			isa = XCConfigurationList;
			buildConfigurations = (
				24F7CB62158A1B9D00B2E33E /* Debug */,
				24F7CB63158A1B9D00B2E33E /* Release */,
			);
			defaultConfigurationIsVisible = 0;
			defaultConfigurationName = Release;
		};
		24FCFAA0165FEAB3006208A7 /* Build configuration list for PBXNativeTarget "DCTImageCache Bundle" */ = {
			isa = XCConfigurationList;
			buildConfigurations = (
				24FCFA9E165FEAB3006208A7 /* Debug */,
				24FCFA9F165FEAB3006208A7 /* Release */,
			);
			defaultConfigurationIsVisible = 0;
			defaultConfigurationName = Release;
		};
/* End XCConfigurationList section */

/* Begin XCVersionGroup section */
		24FCFAA4165FEB25006208A7 /* DCTImageCache.xcdatamodeld */ = {
			isa = XCVersionGroup;
			children = (
				24FCFAA5165FEB25006208A7 /* DCTImageCache.xcdatamodel */,
			);
			currentVersion = 24FCFAA5165FEB25006208A7 /* DCTImageCache.xcdatamodel */;
			path = DCTImageCache.xcdatamodeld;
			sourceTree = "<group>";
			versionGroupType = wrapper.xcdatamodel;
		};
/* End XCVersionGroup section */
	};
	rootObject = 24F7CB36158A1B9D00B2E33E /* Project object */;
}
