// !$*UTF8*$!
{
	archiveVersion = 1;
	classes = {
	};
	objectVersion = 46;
	objects = {

/* Begin PBXBuildFile section */
		2437B67815B97BA600750117 /* Foundation.framework in Frameworks */ = {isa = PBXBuildFile; fileRef = 24F7CB42158A1B9D00B2E33E /* Foundation.framework */; };
		2437B68315B97BCE00750117 /* DCTImageCache.h in CopyFiles */ = {isa = PBXBuildFile; fileRef = 24F7CB47158A1B9D00B2E33E /* DCTImageCache.h */; };
		2437B68415B97BD700750117 /* DCTImageCache.m in Sources */ = {isa = PBXBuildFile; fileRef = 24F7CB49158A1B9D00B2E33E /* DCTImageCache.m */; };
		2437B68515B97BD700750117 /* _DCTDiskImageCache.m in Sources */ = {isa = PBXBuildFile; fileRef = 24B3EED615A30EEB00D5E63C /* _DCTDiskImageCache.m */; };
		2437B68615B97BD700750117 /* _DCTMemoryImageCache.m in Sources */ = {isa = PBXBuildFile; fileRef = 24B3EEDE15A311D400D5E63C /* _DCTMemoryImageCache.m */; };
		2437B68715B97BD700750117 /* _DCTImageCacheHashStore.m in Sources */ = {isa = PBXBuildFile; fileRef = 24B3EEDA15A30F6600D5E63C /* _DCTImageCacheHashStore.m */; };
		24B3EEBA15A2EB1F00D5E63C /* UIKit.framework in Frameworks */ = {isa = PBXBuildFile; fileRef = 24F7CB53158A1B9D00B2E33E /* UIKit.framework */; };
		24B3EEBB15A2EB1F00D5E63C /* Foundation.framework in Frameworks */ = {isa = PBXBuildFile; fileRef = 24F7CB42158A1B9D00B2E33E /* Foundation.framework */; };
		24B3EEBD15A2EB1F00D5E63C /* CoreGraphics.framework in Frameworks */ = {isa = PBXBuildFile; fileRef = 24B3EEBC15A2EB1F00D5E63C /* CoreGraphics.framework */; };
		24B3EEC315A2EB1F00D5E63C /* InfoPlist.strings in Resources */ = {isa = PBXBuildFile; fileRef = 24B3EEC115A2EB1F00D5E63C /* InfoPlist.strings */; };
		24B3EEC515A2EB1F00D5E63C /* main.m in Sources */ = {isa = PBXBuildFile; fileRef = 24B3EEC415A2EB1F00D5E63C /* main.m */; };
		24B3EEC915A2EB1F00D5E63C /* AppDelegate.m in Sources */ = {isa = PBXBuildFile; fileRef = 24B3EEC815A2EB1F00D5E63C /* AppDelegate.m */; };
		24B3EECC15A2EB1F00D5E63C /* ViewController.m in Sources */ = {isa = PBXBuildFile; fileRef = 24B3EECB15A2EB1F00D5E63C /* ViewController.m */; };
		24B3EECF15A2EB1F00D5E63C /* ViewController.xib in Resources */ = {isa = PBXBuildFile; fileRef = 24B3EECD15A2EB1F00D5E63C /* ViewController.xib */; };
		24F7CB52158A1B9D00B2E33E /* SenTestingKit.framework in Frameworks */ = {isa = PBXBuildFile; fileRef = 24F7CB51158A1B9D00B2E33E /* SenTestingKit.framework */; };
		24F7CB54158A1B9D00B2E33E /* UIKit.framework in Frameworks */ = {isa = PBXBuildFile; fileRef = 24F7CB53158A1B9D00B2E33E /* UIKit.framework */; };
		24F7CB55158A1B9D00B2E33E /* Foundation.framework in Frameworks */ = {isa = PBXBuildFile; fileRef = 24F7CB42158A1B9D00B2E33E /* Foundation.framework */; };
		24F7CB5E158A1B9D00B2E33E /* InfoPlist.strings in Resources */ = {isa = PBXBuildFile; fileRef = 24F7CB5C158A1B9D00B2E33E /* InfoPlist.strings */; };
		24F7CB61158A1B9D00B2E33E /* DCTImageCacheTests.m in Sources */ = {isa = PBXBuildFile; fileRef = 24F7CB60158A1B9D00B2E33E /* DCTImageCacheTests.m */; };
/* End PBXBuildFile section */

/* Begin PBXCopyFilesBuildPhase section */
		2437B67515B97BA600750117 /* CopyFiles */ = {
			isa = PBXCopyFilesBuildPhase;
			buildActionMask = 2147483647;
			dstPath = "include/${PRODUCT_NAME}";
			dstSubfolderSpec = 16;
			files = (
				2437B68315B97BCE00750117 /* DCTImageCache.h in CopyFiles */,
			);
			runOnlyForDeploymentPostprocessing = 0;
		};
/* End PBXCopyFilesBuildPhase section */

/* Begin PBXFileReference section */
		2437B67715B97BA600750117 /* libDCTImageCache.a */ = {isa = PBXFileReference; explicitFileType = archive.ar; includeInIndex = 0; path = libDCTImageCache.a; sourceTree = BUILT_PRODUCTS_DIR; };
		24B3EEB815A2EB1F00D5E63C /* DCTImageCaccheDemo.app */ = {isa = PBXFileReference; explicitFileType = wrapper.application; includeInIndex = 0; path = DCTImageCaccheDemo.app; sourceTree = BUILT_PRODUCTS_DIR; };
		24B3EEBC15A2EB1F00D5E63C /* CoreGraphics.framework */ = {isa = PBXFileReference; lastKnownFileType = wrapper.framework; name = CoreGraphics.framework; path = System/Library/Frameworks/CoreGraphics.framework; sourceTree = SDKROOT; };
		24B3EEC015A2EB1F00D5E63C /* DCTImageCaccheDemo-Info.plist */ = {isa = PBXFileReference; lastKnownFileType = text.plist.xml; path = "DCTImageCaccheDemo-Info.plist"; sourceTree = "<group>"; };
		24B3EEC215A2EB1F00D5E63C /* en */ = {isa = PBXFileReference; lastKnownFileType = text.plist.strings; name = en; path = en.lproj/InfoPlist.strings; sourceTree = "<group>"; };
		24B3EEC415A2EB1F00D5E63C /* main.m */ = {isa = PBXFileReference; lastKnownFileType = sourcecode.c.objc; path = main.m; sourceTree = "<group>"; };
		24B3EEC615A2EB1F00D5E63C /* DCTImageCaccheDemo-Prefix.pch */ = {isa = PBXFileReference; lastKnownFileType = sourcecode.c.h; path = "DCTImageCaccheDemo-Prefix.pch"; sourceTree = "<group>"; };
		24B3EEC715A2EB1F00D5E63C /* AppDelegate.h */ = {isa = PBXFileReference; lastKnownFileType = sourcecode.c.h; path = AppDelegate.h; sourceTree = "<group>"; };
		24B3EEC815A2EB1F00D5E63C /* AppDelegate.m */ = {isa = PBXFileReference; lastKnownFileType = sourcecode.c.objc; path = AppDelegate.m; sourceTree = "<group>"; };
		24B3EECA15A2EB1F00D5E63C /* ViewController.h */ = {isa = PBXFileReference; lastKnownFileType = sourcecode.c.h; path = ViewController.h; sourceTree = "<group>"; };
		24B3EECB15A2EB1F00D5E63C /* ViewController.m */ = {isa = PBXFileReference; lastKnownFileType = sourcecode.c.objc; path = ViewController.m; sourceTree = "<group>"; };
		24B3EECE15A2EB1F00D5E63C /* en */ = {isa = PBXFileReference; lastKnownFileType = file.xib; name = en; path = en.lproj/ViewController.xib; sourceTree = "<group>"; };
		24B3EED515A30EEB00D5E63C /* _DCTDiskImageCache.h */ = {isa = PBXFileReference; fileEncoding = 4; lastKnownFileType = sourcecode.c.h; path = _DCTDiskImageCache.h; sourceTree = "<group>"; };
		24B3EED615A30EEB00D5E63C /* _DCTDiskImageCache.m */ = {isa = PBXFileReference; fileEncoding = 4; lastKnownFileType = sourcecode.c.objc; path = _DCTDiskImageCache.m; sourceTree = "<group>"; };
		24B3EED915A30F6600D5E63C /* _DCTImageCacheHashStore.h */ = {isa = PBXFileReference; fileEncoding = 4; lastKnownFileType = sourcecode.c.h; path = _DCTImageCacheHashStore.h; sourceTree = "<group>"; };
		24B3EEDA15A30F6600D5E63C /* _DCTImageCacheHashStore.m */ = {isa = PBXFileReference; fileEncoding = 4; lastKnownFileType = sourcecode.c.objc; path = _DCTImageCacheHashStore.m; sourceTree = "<group>"; };
		24B3EEDD15A311D400D5E63C /* _DCTMemoryImageCache.h */ = {isa = PBXFileReference; fileEncoding = 4; lastKnownFileType = sourcecode.c.h; path = _DCTMemoryImageCache.h; sourceTree = "<group>"; };
		24B3EEDE15A311D400D5E63C /* _DCTMemoryImageCache.m */ = {isa = PBXFileReference; fileEncoding = 4; lastKnownFileType = sourcecode.c.objc; path = _DCTMemoryImageCache.m; sourceTree = "<group>"; };
		24F7CB42158A1B9D00B2E33E /* Foundation.framework */ = {isa = PBXFileReference; lastKnownFileType = wrapper.framework; name = Foundation.framework; path = System/Library/Frameworks/Foundation.framework; sourceTree = SDKROOT; };
		24F7CB46158A1B9D00B2E33E /* DCTImageCache-Prefix.pch */ = {isa = PBXFileReference; lastKnownFileType = sourcecode.c.h; path = "DCTImageCache-Prefix.pch"; sourceTree = "<group>"; };
		24F7CB47158A1B9D00B2E33E /* DCTImageCache.h */ = {isa = PBXFileReference; lastKnownFileType = sourcecode.c.h; path = DCTImageCache.h; sourceTree = "<group>"; };
		24F7CB49158A1B9D00B2E33E /* DCTImageCache.m */ = {isa = PBXFileReference; lastKnownFileType = sourcecode.c.objc; path = DCTImageCache.m; sourceTree = "<group>"; };
		24F7CB50158A1B9D00B2E33E /* DCTImageCacheTests.octest */ = {isa = PBXFileReference; explicitFileType = wrapper.cfbundle; includeInIndex = 0; path = DCTImageCacheTests.octest; sourceTree = BUILT_PRODUCTS_DIR; };
		24F7CB51158A1B9D00B2E33E /* SenTestingKit.framework */ = {isa = PBXFileReference; lastKnownFileType = wrapper.framework; name = SenTestingKit.framework; path = Library/Frameworks/SenTestingKit.framework; sourceTree = DEVELOPER_DIR; };
		24F7CB53158A1B9D00B2E33E /* UIKit.framework */ = {isa = PBXFileReference; lastKnownFileType = wrapper.framework; name = UIKit.framework; path = Library/Frameworks/UIKit.framework; sourceTree = DEVELOPER_DIR; };
		24F7CB5B158A1B9D00B2E33E /* DCTImageCacheTests-Info.plist */ = {isa = PBXFileReference; lastKnownFileType = text.plist.xml; path = "DCTImageCacheTests-Info.plist"; sourceTree = "<group>"; };
		24F7CB5D158A1B9D00B2E33E /* en */ = {isa = PBXFileReference; lastKnownFileType = text.plist.strings; name = en; path = en.lproj/InfoPlist.strings; sourceTree = "<group>"; };
		24F7CB5F158A1B9D00B2E33E /* DCTImageCacheTests.h */ = {isa = PBXFileReference; lastKnownFileType = sourcecode.c.h; path = DCTImageCacheTests.h; sourceTree = "<group>"; };
		24F7CB60158A1B9D00B2E33E /* DCTImageCacheTests.m */ = {isa = PBXFileReference; lastKnownFileType = sourcecode.c.objc; path = DCTImageCacheTests.m; sourceTree = "<group>"; };
/* End PBXFileReference section */

/* Begin PBXFrameworksBuildPhase section */
		2437B67415B97BA600750117 /* Frameworks */ = {
			isa = PBXFrameworksBuildPhase;
			buildActionMask = 2147483647;
			files = (
				2437B67815B97BA600750117 /* Foundation.framework in Frameworks */,
			);
			runOnlyForDeploymentPostprocessing = 0;
		};
		24B3EEB515A2EB1F00D5E63C /* Frameworks */ = {
			isa = PBXFrameworksBuildPhase;
			buildActionMask = 2147483647;
			files = (
				24B3EEBA15A2EB1F00D5E63C /* UIKit.framework in Frameworks */,
				24B3EEBB15A2EB1F00D5E63C /* Foundation.framework in Frameworks */,
				24B3EEBD15A2EB1F00D5E63C /* CoreGraphics.framework in Frameworks */,
			);
			runOnlyForDeploymentPostprocessing = 0;
		};
		24F7CB4C158A1B9D00B2E33E /* Frameworks */ = {
			isa = PBXFrameworksBuildPhase;
			buildActionMask = 2147483647;
			files = (
				24F7CB52158A1B9D00B2E33E /* SenTestingKit.framework in Frameworks */,
				24F7CB54158A1B9D00B2E33E /* UIKit.framework in Frameworks */,
				24F7CB55158A1B9D00B2E33E /* Foundation.framework in Frameworks */,
			);
			runOnlyForDeploymentPostprocessing = 0;
		};
/* End PBXFrameworksBuildPhase section */

/* Begin PBXGroup section */
		24B3EEBE15A2EB1F00D5E63C /* DCTImageCaccheDemo */ = {
			isa = PBXGroup;
			children = (
				24B3EEC715A2EB1F00D5E63C /* AppDelegate.h */,
				24B3EEC815A2EB1F00D5E63C /* AppDelegate.m */,
				24B3EECA15A2EB1F00D5E63C /* ViewController.h */,
				24B3EECB15A2EB1F00D5E63C /* ViewController.m */,
				24B3EECD15A2EB1F00D5E63C /* ViewController.xib */,
				24B3EEBF15A2EB1F00D5E63C /* Supporting Files */,
			);
			path = DCTImageCaccheDemo;
			sourceTree = "<group>";
		};
		24B3EEBF15A2EB1F00D5E63C /* Supporting Files */ = {
			isa = PBXGroup;
			children = (
				24B3EEC015A2EB1F00D5E63C /* DCTImageCaccheDemo-Info.plist */,
				24B3EEC115A2EB1F00D5E63C /* InfoPlist.strings */,
				24B3EEC415A2EB1F00D5E63C /* main.m */,
				24B3EEC615A2EB1F00D5E63C /* DCTImageCaccheDemo-Prefix.pch */,
			);
			name = "Supporting Files";
			sourceTree = "<group>";
		};
		24F7CB34158A1B9D00B2E33E = {
			isa = PBXGroup;
			children = (
				24F7CB44158A1B9D00B2E33E /* DCTImageCache */,
				24F7CB59158A1B9D00B2E33E /* DCTImageCacheTests */,
				24B3EEBE15A2EB1F00D5E63C /* DCTImageCaccheDemo */,
				24F7CB41158A1B9D00B2E33E /* Frameworks */,
				24F7CB40158A1B9D00B2E33E /* Products */,
			);
			sourceTree = "<group>";
		};
		24F7CB40158A1B9D00B2E33E /* Products */ = {
			isa = PBXGroup;
			children = (
				24F7CB50158A1B9D00B2E33E /* DCTImageCacheTests.octest */,
				24B3EEB815A2EB1F00D5E63C /* DCTImageCaccheDemo.app */,
				2437B67715B97BA600750117 /* libDCTImageCache.a */,
			);
			name = Products;
			sourceTree = "<group>";
		};
		24F7CB41158A1B9D00B2E33E /* Frameworks */ = {
			isa = PBXGroup;
			children = (
				24F7CB42158A1B9D00B2E33E /* Foundation.framework */,
				24F7CB51158A1B9D00B2E33E /* SenTestingKit.framework */,
				24F7CB53158A1B9D00B2E33E /* UIKit.framework */,
				24B3EEBC15A2EB1F00D5E63C /* CoreGraphics.framework */,
			);
			name = Frameworks;
			sourceTree = "<group>";
		};
		24F7CB44158A1B9D00B2E33E /* DCTImageCache */ = {
			isa = PBXGroup;
			children = (
				24F7CB47158A1B9D00B2E33E /* DCTImageCache.h */,
				24F7CB49158A1B9D00B2E33E /* DCTImageCache.m */,
				24B3EED515A30EEB00D5E63C /* _DCTDiskImageCache.h */,
				24B3EED615A30EEB00D5E63C /* _DCTDiskImageCache.m */,
				24B3EEDD15A311D400D5E63C /* _DCTMemoryImageCache.h */,
				24B3EEDE15A311D400D5E63C /* _DCTMemoryImageCache.m */,
				24B3EED915A30F6600D5E63C /* _DCTImageCacheHashStore.h */,
				24B3EEDA15A30F6600D5E63C /* _DCTImageCacheHashStore.m */,
				24F7CB45158A1B9D00B2E33E /* Supporting Files */,
			);
			path = DCTImageCache;
			sourceTree = "<group>";
		};
		24F7CB45158A1B9D00B2E33E /* Supporting Files */ = {
			isa = PBXGroup;
			children = (
				24F7CB46158A1B9D00B2E33E /* DCTImageCache-Prefix.pch */,
			);
			name = "Supporting Files";
			sourceTree = "<group>";
		};
		24F7CB59158A1B9D00B2E33E /* DCTImageCacheTests */ = {
			isa = PBXGroup;
			children = (
				24F7CB5F158A1B9D00B2E33E /* DCTImageCacheTests.h */,
				24F7CB60158A1B9D00B2E33E /* DCTImageCacheTests.m */,
				24F7CB5A158A1B9D00B2E33E /* Supporting Files */,
			);
			path = DCTImageCacheTests;
			sourceTree = "<group>";
		};
		24F7CB5A158A1B9D00B2E33E /* Supporting Files */ = {
			isa = PBXGroup;
			children = (
				24F7CB5B158A1B9D00B2E33E /* DCTImageCacheTests-Info.plist */,
				24F7CB5C158A1B9D00B2E33E /* InfoPlist.strings */,
			);
			name = "Supporting Files";
			sourceTree = "<group>";
		};
/* End PBXGroup section */

/* Begin PBXNativeTarget section */
		2437B67615B97BA600750117 /* DCTImageCache */ = {
			isa = PBXNativeTarget;
			buildConfigurationList = 2437B68015B97BA600750117 /* Build configuration list for PBXNativeTarget "DCTImageCache" */;
			buildPhases = (
				2437B67315B97BA600750117 /* Sources */,
				2437B67415B97BA600750117 /* Frameworks */,
				2437B67515B97BA600750117 /* CopyFiles */,
			);
			buildRules = (
			);
			dependencies = (
			);
			name = DCTImageCache;
			productName = DCTImageCache;
			productReference = 2437B67715B97BA600750117 /* libDCTImageCache.a */;
			productType = "com.apple.product-type.library.static";
		};
		24B3EEB715A2EB1F00D5E63C /* DCTImageCaccheDemo */ = {
			isa = PBXNativeTarget;
			buildConfigurationList = 24B3EED215A2EB1F00D5E63C /* Build configuration list for PBXNativeTarget "DCTImageCaccheDemo" */;
			buildPhases = (
				24B3EEB415A2EB1F00D5E63C /* Sources */,
				24B3EEB515A2EB1F00D5E63C /* Frameworks */,
				24B3EEB615A2EB1F00D5E63C /* Resources */,
			);
			buildRules = (
			);
			dependencies = (
			);
			name = DCTImageCaccheDemo;
			productName = DCTImageCaccheDemo;
			productReference = 24B3EEB815A2EB1F00D5E63C /* DCTImageCaccheDemo.app */;
			productType = "com.apple.product-type.application";
		};
		24F7CB4F158A1B9D00B2E33E /* DCTImageCacheTests */ = {
			isa = PBXNativeTarget;
			buildConfigurationList = 24F7CB67158A1B9D00B2E33E /* Build configuration list for PBXNativeTarget "DCTImageCacheTests" */;
			buildPhases = (
				24F7CB4B158A1B9D00B2E33E /* Sources */,
				24F7CB4C158A1B9D00B2E33E /* Frameworks */,
				24F7CB4D158A1B9D00B2E33E /* Resources */,
				24F7CB4E158A1B9D00B2E33E /* ShellScript */,
			);
			buildRules = (
			);
			dependencies = (
			);
			name = DCTImageCacheTests;
			productName = DCTImageCacheTests;
			productReference = 24F7CB50158A1B9D00B2E33E /* DCTImageCacheTests.octest */;
			productType = "com.apple.product-type.bundle";
		};
/* End PBXNativeTarget section */

/* Begin PBXProject section */
		24F7CB36158A1B9D00B2E33E /* Project object */ = {
			isa = PBXProject;
			attributes = {
				LastUpgradeCheck = 0450;
				ORGANIZATIONNAME = "Daniel Tull";
			};
			buildConfigurationList = 24F7CB39158A1B9D00B2E33E /* Build configuration list for PBXProject "DCTImageCache" */;
			compatibilityVersion = "Xcode 3.2";
			developmentRegion = English;
			hasScannedForEncodings = 0;
			knownRegions = (
				en,
			);
			mainGroup = 24F7CB34158A1B9D00B2E33E;
			productRefGroup = 24F7CB40158A1B9D00B2E33E /* Products */;
			projectDirPath = "";
			projectRoot = "";
			targets = (
				2437B67615B97BA600750117 /* DCTImageCache */,
				24F7CB4F158A1B9D00B2E33E /* DCTImageCacheTests */,
				24B3EEB715A2EB1F00D5E63C /* DCTImageCaccheDemo */,
			);
		};
/* End PBXProject section */

/* Begin PBXResourcesBuildPhase section */
		24B3EEB615A2EB1F00D5E63C /* Resources */ = {
			isa = PBXResourcesBuildPhase;
			buildActionMask = 2147483647;
			files = (
				24B3EEC315A2EB1F00D5E63C /* InfoPlist.strings in Resources */,
				24B3EECF15A2EB1F00D5E63C /* ViewController.xib in Resources */,
			);
			runOnlyForDeploymentPostprocessing = 0;
		};
		24F7CB4D158A1B9D00B2E33E /* Resources */ = {
			isa = PBXResourcesBuildPhase;
			buildActionMask = 2147483647;
			files = (
				24F7CB5E158A1B9D00B2E33E /* InfoPlist.strings in Resources */,
			);
			runOnlyForDeploymentPostprocessing = 0;
		};
/* End PBXResourcesBuildPhase section */

/* Begin PBXShellScriptBuildPhase section */
		24F7CB4E158A1B9D00B2E33E /* ShellScript */ = {
			isa = PBXShellScriptBuildPhase;
			buildActionMask = 2147483647;
			files = (
			);
			inputPaths = (
			);
			outputPaths = (
			);
			runOnlyForDeploymentPostprocessing = 0;
			shellPath = /bin/sh;
			shellScript = "# Run the unit tests in this test bundle.\n\"${SYSTEM_DEVELOPER_DIR}/Tools/RunUnitTests\"\n";
		};
/* End PBXShellScriptBuildPhase section */

/* Begin PBXSourcesBuildPhase section */
		2437B67315B97BA600750117 /* Sources */ = {
			isa = PBXSourcesBuildPhase;
			buildActionMask = 2147483647;
			files = (
				2437B68415B97BD700750117 /* DCTImageCache.m in Sources */,
				2437B68515B97BD700750117 /* _DCTDiskImageCache.m in Sources */,
				2437B68615B97BD700750117 /* _DCTMemoryImageCache.m in Sources */,
				2437B68715B97BD700750117 /* _DCTImageCacheHashStore.m in Sources */,
			);
			runOnlyForDeploymentPostprocessing = 0;
		};
		24B3EEB415A2EB1F00D5E63C /* Sources */ = {
			isa = PBXSourcesBuildPhase;
			buildActionMask = 2147483647;
			files = (
				24B3EEC515A2EB1F00D5E63C /* main.m in Sources */,
				24B3EEC915A2EB1F00D5E63C /* AppDelegate.m in Sources */,
				24B3EECC15A2EB1F00D5E63C /* ViewController.m in Sources */,
			);
			runOnlyForDeploymentPostprocessing = 0;
		};
		24F7CB4B158A1B9D00B2E33E /* Sources */ = {
			isa = PBXSourcesBuildPhase;
			buildActionMask = 2147483647;
			files = (
				24F7CB61158A1B9D00B2E33E /* DCTImageCacheTests.m in Sources */,
			);
			runOnlyForDeploymentPostprocessing = 0;
		};
/* End PBXSourcesBuildPhase section */

/* Begin PBXVariantGroup section */
		24B3EEC115A2EB1F00D5E63C /* InfoPlist.strings */ = {
			isa = PBXVariantGroup;
			children = (
				24B3EEC215A2EB1F00D5E63C /* en */,
			);
			name = InfoPlist.strings;
			sourceTree = "<group>";
		};
		24B3EECD15A2EB1F00D5E63C /* ViewController.xib */ = {
			isa = PBXVariantGroup;
			children = (
				24B3EECE15A2EB1F00D5E63C /* en */,
			);
			name = ViewController.xib;
			sourceTree = "<group>";
		};
		24F7CB5C158A1B9D00B2E33E /* InfoPlist.strings */ = {
			isa = PBXVariantGroup;
			children = (
				24F7CB5D158A1B9D00B2E33E /* en */,
			);
			name = InfoPlist.strings;
			sourceTree = "<group>";
		};
/* End PBXVariantGroup section */

/* Begin XCBuildConfiguration section */
		2437B68115B97BA600750117 /* Debug */ = {
			isa = XCBuildConfiguration;
			buildSettings = {
				CLANG_CXX_LIBRARY = "libc++";
				DSTROOT = /tmp/DCTImageCache.dst;
				GCC_PRECOMPILE_PREFIX_HEADER = YES;
				GCC_PREFIX_HEADER = "DCTImageCache/DCTImageCache-Prefix.pch";
				IPHONEOS_DEPLOYMENT_TARGET = 5.0;
				OTHER_LDFLAGS = "-ObjC";
				PRODUCT_NAME = "$(TARGET_NAME)";
				SKIP_INSTALL = YES;
			};
			name = Debug;
		};
		2437B68215B97BA600750117 /* Release */ = {
			isa = XCBuildConfiguration;
			buildSettings = {
				CLANG_CXX_LIBRARY = "libc++";
				DSTROOT = /tmp/DCTImageCache.dst;
				GCC_PRECOMPILE_PREFIX_HEADER = YES;
				GCC_PREFIX_HEADER = "DCTImageCache/DCTImageCache-Prefix.pch";
				IPHONEOS_DEPLOYMENT_TARGET = 5.0;
				OTHER_LDFLAGS = "-ObjC";
				PRODUCT_NAME = "$(TARGET_NAME)";
				SKIP_INSTALL = YES;
			};
			name = Release;
		};
		24B3EED015A2EB1F00D5E63C /* Debug */ = {
			isa = XCBuildConfiguration;
			buildSettings = {
				"CODE_SIGN_IDENTITY[sdk=iphoneos*]" = "iPhone Developer";
				FRAMEWORK_SEARCH_PATHS = (
					"$(inherited)",
					"\"$(SYSTEM_APPS_DIR)/Xcode45-DP2.app/Contents/Developer/Library/Frameworks\"",
				);
				GCC_PRECOMPILE_PREFIX_HEADER = YES;
				GCC_PREFIX_HEADER = "DCTImageCaccheDemo/DCTImageCaccheDemo-Prefix.pch";
				INFOPLIST_FILE = "DCTImageCaccheDemo/DCTImageCaccheDemo-Info.plist";
				IPHONEOS_DEPLOYMENT_TARGET = 5.0;
				OTHER_LDFLAGS = (
					"-ObjC",
					"-all_load",
				);
				PRODUCT_NAME = "$(TARGET_NAME)";
				WRAPPER_EXTENSION = app;
			};
			name = Debug;
		};
		24B3EED115A2EB1F00D5E63C /* Release */ = {
			isa = XCBuildConfiguration;
			buildSettings = {
				"CODE_SIGN_IDENTITY[sdk=iphoneos*]" = "iPhone Developer";
				FRAMEWORK_SEARCH_PATHS = (
					"$(inherited)",
					"\"$(SYSTEM_APPS_DIR)/Xcode45-DP2.app/Contents/Developer/Library/Frameworks\"",
				);
				GCC_PRECOMPILE_PREFIX_HEADER = YES;
				GCC_PREFIX_HEADER = "DCTImageCaccheDemo/DCTImageCaccheDemo-Prefix.pch";
				INFOPLIST_FILE = "DCTImageCaccheDemo/DCTImageCaccheDemo-Info.plist";
				IPHONEOS_DEPLOYMENT_TARGET = 5.0;
				OTHER_CFLAGS = "-DNS_BLOCK_ASSERTIONS=1";
				OTHER_LDFLAGS = (
					"-ObjC",
					"-all_load",
				);
				PRODUCT_NAME = "$(TARGET_NAME)";
				WRAPPER_EXTENSION = app;
			};
			name = Release;
		};
		24F7CB62158A1B9D00B2E33E /* Debug */ = {
			isa = XCBuildConfiguration;
			buildSettings = {
				ALWAYS_SEARCH_USER_PATHS = NO;
				CLANG_CXX_LANGUAGE_STANDARD = "gnu++0x";
				CLANG_ENABLE_OBJC_ARC = YES;
				CLANG_WARN__DUPLICATE_METHOD_MATCH = YES;
				COPY_PHASE_STRIP = NO;
				GCC_C_LANGUAGE_STANDARD = gnu99;
				GCC_DYNAMIC_NO_PIC = NO;
				GCC_OPTIMIZATION_LEVEL = 0;
				GCC_PREPROCESSOR_DEFINITIONS = (
					"DEBUG=1",
					"$(inherited)",
				);
				GCC_SYMBOLS_PRIVATE_EXTERN = NO;
				GCC_WARN_ABOUT_RETURN_TYPE = YES;
				GCC_WARN_UNINITIALIZED_AUTOS = YES;
				GCC_WARN_UNUSED_VARIABLE = YES;
				IPHONEOS_DEPLOYMENT_TARGET = 6.0;
				SDKROOT = iphoneos;
			};
			name = Debug;
		};
		24F7CB63158A1B9D00B2E33E /* Release */ = {
			isa = XCBuildConfiguration;
			buildSettings = {
				ALWAYS_SEARCH_USER_PATHS = NO;
				CLANG_CXX_LANGUAGE_STANDARD = "gnu++0x";
				CLANG_ENABLE_OBJC_ARC = YES;
				CLANG_WARN__DUPLICATE_METHOD_MATCH = YES;
				COPY_PHASE_STRIP = YES;
				GCC_C_LANGUAGE_STANDARD = gnu99;
				GCC_WARN_ABOUT_RETURN_TYPE = YES;
				GCC_WARN_UNINITIALIZED_AUTOS = YES;
				GCC_WARN_UNUSED_VARIABLE = YES;
				IPHONEOS_DEPLOYMENT_TARGET = 6.0;
				SDKROOT = iphoneos;
				VALIDATE_PRODUCT = YES;
			};
			name = Release;
		};
		24F7CB68158A1B9D00B2E33E /* Debug */ = {
			isa = XCBuildConfiguration;
			buildSettings = {
				FRAMEWORK_SEARCH_PATHS = (
					"\"$(SDKROOT)/Developer/Library/Frameworks\"",
					"\"$(DEVELOPER_LIBRARY_DIR)/Frameworks\"",
				);
				GCC_PRECOMPILE_PREFIX_HEADER = YES;
				GCC_PREFIX_HEADER = "DCTImageCache/DCTImageCache-Prefix.pch";
				INFOPLIST_FILE = "DCTImageCacheTests/DCTImageCacheTests-Info.plist";
				PRODUCT_NAME = "$(TARGET_NAME)";
				WRAPPER_EXTENSION = octest;
			};
			name = Debug;
		};
		24F7CB69158A1B9D00B2E33E /* Release */ = {
			isa = XCBuildConfiguration;
			buildSettings = {
				FRAMEWORK_SEARCH_PATHS = (
					"\"$(SDKROOT)/Developer/Library/Frameworks\"",
					"\"$(DEVELOPER_LIBRARY_DIR)/Frameworks\"",
				);
				GCC_PRECOMPILE_PREFIX_HEADER = YES;
				GCC_PREFIX_HEADER = "DCTImageCache/DCTImageCache-Prefix.pch";
				INFOPLIST_FILE = "DCTImageCacheTests/DCTImageCacheTests-Info.plist";
				PRODUCT_NAME = "$(TARGET_NAME)";
				WRAPPER_EXTENSION = octest;
			};
			name = Release;
		};
/* End XCBuildConfiguration section */

/* Begin XCConfigurationList section */
		2437B68015B97BA600750117 /* Build configuration list for PBXNativeTarget "DCTImageCache" */ = {
			isa = XCConfigurationList;
			buildConfigurations = (
				2437B68115B97BA600750117 /* Debug */,
				2437B68215B97BA600750117 /* Release */,
			);
			defaultConfigurationIsVisible = 0;
		};
		24B3EED215A2EB1F00D5E63C /* Build configuration list for PBXNativeTarget "DCTImageCaccheDemo" */ = {
			isa = XCConfigurationList;
			buildConfigurations = (
				24B3EED015A2EB1F00D5E63C /* Debug */,
				24B3EED115A2EB1F00D5E63C /* Release */,
			);
			defaultConfigurationIsVisible = 0;
			defaultConfigurationName = Release;
		};
		24F7CB39158A1B9D00B2E33E /* Build configuration list for PBXProject "DCTImageCache" */ = {
			isa = XCConfigurationList;
			buildConfigurations = (
				24F7CB62158A1B9D00B2E33E /* Debug */,
				24F7CB63158A1B9D00B2E33E /* Release */,
			);
			defaultConfigurationIsVisible = 0;
			defaultConfigurationName = Release;
		};
		24F7CB67158A1B9D00B2E33E /* Build configuration list for PBXNativeTarget "DCTImageCacheTests" */ = {
			isa = XCConfigurationList;
			buildConfigurations = (
				24F7CB68158A1B9D00B2E33E /* Debug */,
				24F7CB69158A1B9D00B2E33E /* Release */,
			);
			defaultConfigurationIsVisible = 0;
			defaultConfigurationName = Release;
		};
/* End XCConfigurationList section */
	};
	rootObject = 24F7CB36158A1B9D00B2E33E /* Project object */;
}
