// !$*UTF8*$!
{
	archiveVersion = 1;
	classes = {
	};
	objectVersion = 46;
	objects = {

/* Begin PBXBuildFile section */
		2406F9791678B38600428406 /* TableViewCell.m in Sources */ = {isa = PBXBuildFile; fileRef = 2406F9781678B38600428406 /* TableViewCell.m */; };
		242A90BC194890D40050B8C6 /* iPhone.storyboard in Resources */ = {isa = PBXBuildFile; fileRef = 242A90BB194890D40050B8C6 /* iPhone.storyboard */; };
		242A90BE1948915A0050B8C6 /* Media.xcassets in Resources */ = {isa = PBXBuildFile; fileRef = 242A90BD1948915A0050B8C6 /* Media.xcassets */; };
		242BBB181A938B8600CA83B7 /* DCTImageCache.xcdatamodeld in Sources */ = {isa = PBXBuildFile; fileRef = 242BBB161A938B8600CA83B7 /* DCTImageCache.xcdatamodeld */; };
		242BBB191A938B8600CA83B7 /* DCTImageCache.xcdatamodeld in Sources */ = {isa = PBXBuildFile; fileRef = 242BBB161A938B8600CA83B7 /* DCTImageCache.xcdatamodeld */; };
		242BBB1C1A938BB800CA83B7 /* DCTImageCache.h in Headers */ = {isa = PBXBuildFile; fileRef = 24F7CB47158A1B9D00B2E33E /* DCTImageCache.h */; settings = {ATTRIBUTES = (Public, ); }; };
		242BBB1D1A938BB800CA83B7 /* DCTImageCacheAttributes.h in Headers */ = {isa = PBXBuildFile; fileRef = 24244607167509D200621FFF /* DCTImageCacheAttributes.h */; settings = {ATTRIBUTES = (Public, ); }; };
		242BBB1E1A938BB800CA83B7 /* DCTImageCacheDelegate.h in Headers */ = {isa = PBXBuildFile; fileRef = 2423E7CF18675CF300927EBA /* DCTImageCacheDelegate.h */; settings = {ATTRIBUTES = (Public, ); }; };
		242BBB1F1A938BC500CA83B7 /* DCTImageCache+Private.h in Headers */ = {isa = PBXBuildFile; fileRef = 2433AA9A1674D57700D76DCF /* DCTImageCache+Private.h */; };
		242BBB201A938BC500CA83B7 /* DCTImageCacheDisk.h in Headers */ = {isa = PBXBuildFile; fileRef = 24B3EED515A30EEB00D5E63C /* DCTImageCacheDisk.h */; };
		242BBB211A938BC500CA83B7 /* DCTImageCacheItem.h in Headers */ = {isa = PBXBuildFile; fileRef = 24568D5919483C03001933EE /* DCTImageCacheItem.h */; };
		242BBB221A938BC500CA83B7 /* _DCTImageCacheItem.h in Headers */ = {isa = PBXBuildFile; fileRef = 24F2DB25165FEDDC008F58D5 /* _DCTImageCacheItem.h */; };
		242BBB231A938BC500CA83B7 /* DCTImageCacheMemory.h in Headers */ = {isa = PBXBuildFile; fileRef = 24B3EEDD15A311D400D5E63C /* DCTImageCacheMemory.h */; };
		242BBB241A938BC500CA83B7 /* DCTImageCacheFetcher.h in Headers */ = {isa = PBXBuildFile; fileRef = 24C1582A194A178100C475FC /* DCTImageCacheFetcher.h */; };
		242BBB251A938BC500CA83B7 /* DCTImageCacheSizer.h in Headers */ = {isa = PBXBuildFile; fileRef = 248279FA194A2D4A007D0496 /* DCTImageCacheSizer.h */; };
		242BBB261A938BD900CA83B7 /* DCTImageCache.m in Sources */ = {isa = PBXBuildFile; fileRef = 24F7CB49158A1B9D00B2E33E /* DCTImageCache.m */; };
		242BBB271A938BD900CA83B7 /* DCTImageCacheAttributes.m in Sources */ = {isa = PBXBuildFile; fileRef = 24244608167509D200621FFF /* DCTImageCacheAttributes.m */; };
		242BBB281A938BD900CA83B7 /* DCTImageCacheDisk.m in Sources */ = {isa = PBXBuildFile; fileRef = 24B3EED615A30EEB00D5E63C /* DCTImageCacheDisk.m */; };
		242BBB291A938BD900CA83B7 /* DCTImageCacheItem.m in Sources */ = {isa = PBXBuildFile; fileRef = 24568D5A19483C03001933EE /* DCTImageCacheItem.m */; };
		242BBB2A1A938BD900CA83B7 /* _DCTImageCacheItem.m in Sources */ = {isa = PBXBuildFile; fileRef = 24F2DB26165FEDDC008F58D5 /* _DCTImageCacheItem.m */; };
		242BBB2B1A938BD900CA83B7 /* DCTImageCacheMemory.m in Sources */ = {isa = PBXBuildFile; fileRef = 24B3EEDE15A311D400D5E63C /* DCTImageCacheMemory.m */; };
		242BBB2C1A938BD900CA83B7 /* DCTImageCacheFetcher.m in Sources */ = {isa = PBXBuildFile; fileRef = 24C1582B194A178100C475FC /* DCTImageCacheFetcher.m */; };
		242BBB2D1A938BD900CA83B7 /* DCTImageCacheSizer.m in Sources */ = {isa = PBXBuildFile; fileRef = 248279FB194A2D4A007D0496 /* DCTImageCacheSizer.m */; };
		242BEEE519A8F2FE0063F2F2 /* DCTImageCache.h in Headers */ = {isa = PBXBuildFile; fileRef = 24F7CB47158A1B9D00B2E33E /* DCTImageCache.h */; settings = {ATTRIBUTES = (Public, ); }; };
		242BEEE619A8F3000063F2F2 /* DCTImageCacheAttributes.h in Headers */ = {isa = PBXBuildFile; fileRef = 24244607167509D200621FFF /* DCTImageCacheAttributes.h */; settings = {ATTRIBUTES = (Public, ); }; };
		242BEEE719A8F3020063F2F2 /* DCTImageCacheDelegate.h in Headers */ = {isa = PBXBuildFile; fileRef = 2423E7CF18675CF300927EBA /* DCTImageCacheDelegate.h */; settings = {ATTRIBUTES = (Public, ); }; };
		242BEEE819A8F30D0063F2F2 /* DCTImageCache+Private.h in Headers */ = {isa = PBXBuildFile; fileRef = 2433AA9A1674D57700D76DCF /* DCTImageCache+Private.h */; };
		242BEEE919A8F30D0063F2F2 /* DCTImageCacheDisk.h in Headers */ = {isa = PBXBuildFile; fileRef = 24B3EED515A30EEB00D5E63C /* DCTImageCacheDisk.h */; };
		242BEEEA19A8F30D0063F2F2 /* DCTImageCacheItem.h in Headers */ = {isa = PBXBuildFile; fileRef = 24568D5919483C03001933EE /* DCTImageCacheItem.h */; };
		242BEEEB19A8F30D0063F2F2 /* _DCTImageCacheItem.h in Headers */ = {isa = PBXBuildFile; fileRef = 24F2DB25165FEDDC008F58D5 /* _DCTImageCacheItem.h */; };
		242BEEEC19A8F30D0063F2F2 /* DCTImageCacheMemory.h in Headers */ = {isa = PBXBuildFile; fileRef = 24B3EEDD15A311D400D5E63C /* DCTImageCacheMemory.h */; };
		242BEEED19A8F30D0063F2F2 /* DCTImageCacheFetcher.h in Headers */ = {isa = PBXBuildFile; fileRef = 24C1582A194A178100C475FC /* DCTImageCacheFetcher.h */; };
		242BEEEE19A8F30D0063F2F2 /* DCTImageCacheSizer.h in Headers */ = {isa = PBXBuildFile; fileRef = 248279FA194A2D4A007D0496 /* DCTImageCacheSizer.h */; };
		242BEEEF19A8F31A0063F2F2 /* DCTImageCache.m in Sources */ = {isa = PBXBuildFile; fileRef = 24F7CB49158A1B9D00B2E33E /* DCTImageCache.m */; };
		242BEEF019A8F31A0063F2F2 /* DCTImageCacheAttributes.m in Sources */ = {isa = PBXBuildFile; fileRef = 24244608167509D200621FFF /* DCTImageCacheAttributes.m */; };
		242BEEF119A8F31A0063F2F2 /* DCTImageCacheDisk.m in Sources */ = {isa = PBXBuildFile; fileRef = 24B3EED615A30EEB00D5E63C /* DCTImageCacheDisk.m */; };
		242BEEF219A8F31A0063F2F2 /* DCTImageCacheItem.m in Sources */ = {isa = PBXBuildFile; fileRef = 24568D5A19483C03001933EE /* DCTImageCacheItem.m */; };
		242BEEF319A8F31A0063F2F2 /* _DCTImageCacheItem.m in Sources */ = {isa = PBXBuildFile; fileRef = 24F2DB26165FEDDC008F58D5 /* _DCTImageCacheItem.m */; };
		242BEEF419A8F31A0063F2F2 /* DCTImageCacheMemory.m in Sources */ = {isa = PBXBuildFile; fileRef = 24B3EEDE15A311D400D5E63C /* DCTImageCacheMemory.m */; };
		242BEEF519A8F31A0063F2F2 /* DCTImageCacheFetcher.m in Sources */ = {isa = PBXBuildFile; fileRef = 24C1582B194A178100C475FC /* DCTImageCacheFetcher.m */; };
		242BEEF619A8F31A0063F2F2 /* DCTImageCacheSizer.m in Sources */ = {isa = PBXBuildFile; fileRef = 248279FB194A2D4A007D0496 /* DCTImageCacheSizer.m */; };
		244DE84719A91D9E00A91DC7 /* DCTImageCache.framework in Frameworks */ = {isa = PBXBuildFile; fileRef = 242BEEC519A8F1D10063F2F2 /* DCTImageCache.framework */; };
		244DE84819A91D9E00A91DC7 /* DCTImageCache.framework in Embed Frameworks */ = {isa = PBXBuildFile; fileRef = 242BEEC519A8F1D10063F2F2 /* DCTImageCache.framework */; settings = {ATTRIBUTES = (CodeSignOnCopy, RemoveHeadersOnCopy, ); }; };
		2473F2001BC858CA0075EA00 /* DCTImageCache.m in Sources */ = {isa = PBXBuildFile; fileRef = 24F7CB49158A1B9D00B2E33E /* DCTImageCache.m */; };
		2473F2011BC858CA0075EA00 /* DCTImageCacheAttributes.m in Sources */ = {isa = PBXBuildFile; fileRef = 24244608167509D200621FFF /* DCTImageCacheAttributes.m */; };
		2473F2021BC858CA0075EA00 /* DCTImageCacheDisk.m in Sources */ = {isa = PBXBuildFile; fileRef = 24B3EED615A30EEB00D5E63C /* DCTImageCacheDisk.m */; };
		2473F2031BC858CA0075EA00 /* DCTImageCacheItem.m in Sources */ = {isa = PBXBuildFile; fileRef = 24568D5A19483C03001933EE /* DCTImageCacheItem.m */; };
		2473F2041BC858CA0075EA00 /* _DCTImageCacheItem.m in Sources */ = {isa = PBXBuildFile; fileRef = 24F2DB26165FEDDC008F58D5 /* _DCTImageCacheItem.m */; };
		2473F2051BC858CA0075EA00 /* DCTImageCacheMemory.m in Sources */ = {isa = PBXBuildFile; fileRef = 24B3EEDE15A311D400D5E63C /* DCTImageCacheMemory.m */; };
		2473F2061BC858CA0075EA00 /* DCTImageCache.xcdatamodeld in Sources */ = {isa = PBXBuildFile; fileRef = 242BBB161A938B8600CA83B7 /* DCTImageCache.xcdatamodeld */; };
		2473F2071BC858CA0075EA00 /* DCTImageCacheFetcher.m in Sources */ = {isa = PBXBuildFile; fileRef = 24C1582B194A178100C475FC /* DCTImageCacheFetcher.m */; };
		2473F2081BC858CA0075EA00 /* DCTImageCacheSizer.m in Sources */ = {isa = PBXBuildFile; fileRef = 248279FB194A2D4A007D0496 /* DCTImageCacheSizer.m */; };
		2473F20B1BC858CA0075EA00 /* DCTImageCache.h in Headers */ = {isa = PBXBuildFile; fileRef = 24F7CB47158A1B9D00B2E33E /* DCTImageCache.h */; settings = {ATTRIBUTES = (Public, ); }; };
		2473F20C1BC858CA0075EA00 /* DCTImageCacheDelegate.h in Headers */ = {isa = PBXBuildFile; fileRef = 2423E7CF18675CF300927EBA /* DCTImageCacheDelegate.h */; settings = {ATTRIBUTES = (Public, ); }; };
		2473F20D1BC858CA0075EA00 /* DCTImageCacheAttributes.h in Headers */ = {isa = PBXBuildFile; fileRef = 24244607167509D200621FFF /* DCTImageCacheAttributes.h */; settings = {ATTRIBUTES = (Public, ); }; };
		2473F20E1BC858CA0075EA00 /* DCTImageCache+Private.h in Headers */ = {isa = PBXBuildFile; fileRef = 2433AA9A1674D57700D76DCF /* DCTImageCache+Private.h */; };
		2473F20F1BC858CA0075EA00 /* DCTImageCacheDisk.h in Headers */ = {isa = PBXBuildFile; fileRef = 24B3EED515A30EEB00D5E63C /* DCTImageCacheDisk.h */; };
		2473F2101BC858CA0075EA00 /* DCTImageCacheItem.h in Headers */ = {isa = PBXBuildFile; fileRef = 24568D5919483C03001933EE /* DCTImageCacheItem.h */; };
		2473F2111BC858CA0075EA00 /* _DCTImageCacheItem.h in Headers */ = {isa = PBXBuildFile; fileRef = 24F2DB25165FEDDC008F58D5 /* _DCTImageCacheItem.h */; };
		2473F2121BC858CA0075EA00 /* DCTImageCacheMemory.h in Headers */ = {isa = PBXBuildFile; fileRef = 24B3EEDD15A311D400D5E63C /* DCTImageCacheMemory.h */; };
		2473F2131BC858CA0075EA00 /* DCTImageCacheFetcher.h in Headers */ = {isa = PBXBuildFile; fileRef = 24C1582A194A178100C475FC /* DCTImageCacheFetcher.h */; };
		2473F2141BC858CA0075EA00 /* DCTImageCacheSizer.h in Headers */ = {isa = PBXBuildFile; fileRef = 248279FA194A2D4A007D0496 /* DCTImageCacheSizer.h */; };
		24B3EEC515A2EB1F00D5E63C /* main.m in Sources */ = {isa = PBXBuildFile; fileRef = 24B3EEC415A2EB1F00D5E63C /* main.m */; };
		24B3EEC915A2EB1F00D5E63C /* AppDelegate.m in Sources */ = {isa = PBXBuildFile; fileRef = 24B3EEC815A2EB1F00D5E63C /* AppDelegate.m */; };
		24B3EECC15A2EB1F00D5E63C /* ViewController.m in Sources */ = {isa = PBXBuildFile; fileRef = 24B3EECB15A2EB1F00D5E63C /* ViewController.m */; };
/* End PBXBuildFile section */

/* Begin PBXContainerItemProxy section */
		244DE84919A91D9E00A91DC7 /* PBXContainerItemProxy */ = {
			isa = PBXContainerItemProxy;
			containerPortal = 24F7CB36158A1B9D00B2E33E /* Project object */;
			proxyType = 1;
			remoteGlobalIDString = 242BEEC419A8F1D10063F2F2;
			remoteInfo = "DCTImageCache iOS";
		};
/* End PBXContainerItemProxy section */

/* Begin PBXCopyFilesBuildPhase section */
		244DE84B19A91D9E00A91DC7 /* Embed Frameworks */ = {
			isa = PBXCopyFilesBuildPhase;
			buildActionMask = 2147483647;
			dstPath = "";
			dstSubfolderSpec = 10;
			files = (
				244DE84819A91D9E00A91DC7 /* DCTImageCache.framework in Embed Frameworks */,
			);
			name = "Embed Frameworks";
			runOnlyForDeploymentPostprocessing = 0;
		};
/* End PBXCopyFilesBuildPhase section */

/* Begin PBXFileReference section */
		2406F9771678B38600428406 /* TableViewCell.h */ = {isa = PBXFileReference; fileEncoding = 4; lastKnownFileType = sourcecode.c.h; path = TableViewCell.h; sourceTree = "<group>"; };
		2406F9781678B38600428406 /* TableViewCell.m */ = {isa = PBXFileReference; fileEncoding = 4; lastKnownFileType = sourcecode.c.objc; path = TableViewCell.m; sourceTree = "<group>"; };
		2423E7CF18675CF300927EBA /* DCTImageCacheDelegate.h */ = {isa = PBXFileReference; fileEncoding = 4; lastKnownFileType = sourcecode.c.h; path = DCTImageCacheDelegate.h; sourceTree = "<group>"; };
		24244607167509D200621FFF /* DCTImageCacheAttributes.h */ = {isa = PBXFileReference; fileEncoding = 4; lastKnownFileType = sourcecode.c.h; path = DCTImageCacheAttributes.h; sourceTree = "<group>"; };
		24244608167509D200621FFF /* DCTImageCacheAttributes.m */ = {isa = PBXFileReference; fileEncoding = 4; lastKnownFileType = sourcecode.c.objc; path = DCTImageCacheAttributes.m; sourceTree = "<group>"; };
		242A90BB194890D40050B8C6 /* iPhone.storyboard */ = {isa = PBXFileReference; fileEncoding = 4; lastKnownFileType = file.storyboard; path = iPhone.storyboard; sourceTree = "<group>"; };
		242A90BD1948915A0050B8C6 /* Media.xcassets */ = {isa = PBXFileReference; lastKnownFileType = folder.assetcatalog; path = Media.xcassets; sourceTree = "<group>"; };
		242BBAFC1A938AA100CA83B7 /* DCTImageCache.framework */ = {isa = PBXFileReference; explicitFileType = wrapper.framework; includeInIndex = 0; path = DCTImageCache.framework; sourceTree = BUILT_PRODUCTS_DIR; };
		242BBB151A938B6100CA83B7 /* Info.plist */ = {isa = PBXFileReference; lastKnownFileType = text.plist.xml; path = Info.plist; sourceTree = "<group>"; };
		242BBB171A938B8600CA83B7 /* DCTImageCache.xcdatamodel */ = {isa = PBXFileReference; lastKnownFileType = wrapper.xcdatamodel; path = DCTImageCache.xcdatamodel; sourceTree = "<group>"; };
		242BEEC519A8F1D10063F2F2 /* DCTImageCache.framework */ = {isa = PBXFileReference; explicitFileType = wrapper.framework; includeInIndex = 0; path = DCTImageCache.framework; sourceTree = BUILT_PRODUCTS_DIR; };
		2433AA9A1674D57700D76DCF /* DCTImageCache+Private.h */ = {isa = PBXFileReference; fileEncoding = 4; lastKnownFileType = sourcecode.c.h; path = "DCTImageCache+Private.h"; sourceTree = "<group>"; };
		244A44601D9D0EF9009A622C /* Debug.xcconfig */ = {isa = PBXFileReference; lastKnownFileType = text.xcconfig; path = Debug.xcconfig; sourceTree = "<group>"; };
		244A44631D9D0EF9009A622C /* iOS Application.xcconfig */ = {isa = PBXFileReference; lastKnownFileType = text.xcconfig; path = "iOS Application.xcconfig"; sourceTree = "<group>"; };
		244A44641D9D0EF9009A622C /* iOS Bundle.xcconfig */ = {isa = PBXFileReference; lastKnownFileType = text.xcconfig; path = "iOS Bundle.xcconfig"; sourceTree = "<group>"; };
		244A44651D9D0EF9009A622C /* iOS Extension.xcconfig */ = {isa = PBXFileReference; lastKnownFileType = text.xcconfig; path = "iOS Extension.xcconfig"; sourceTree = "<group>"; };
		244A44661D9D0EF9009A622C /* iOS Framework.xcconfig */ = {isa = PBXFileReference; lastKnownFileType = text.xcconfig; path = "iOS Framework.xcconfig"; sourceTree = "<group>"; };
		244A44671D9D0EF9009A622C /* iOS Static Library.xcconfig */ = {isa = PBXFileReference; lastKnownFileType = text.xcconfig; path = "iOS Static Library.xcconfig"; sourceTree = "<group>"; };
		244A44681D9D0EF9009A622C /* iOS Tests.xcconfig */ = {isa = PBXFileReference; lastKnownFileType = text.xcconfig; path = "iOS Tests.xcconfig"; sourceTree = "<group>"; };
		244A44691D9D0EF9009A622C /* iOS UI Tests.xcconfig */ = {isa = PBXFileReference; lastKnownFileType = text.xcconfig; path = "iOS UI Tests.xcconfig"; sourceTree = "<group>"; };
		244A446A1D9D0EF9009A622C /* iOS.xcconfig */ = {isa = PBXFileReference; lastKnownFileType = text.xcconfig; path = iOS.xcconfig; sourceTree = "<group>"; };
		244A446C1D9D0EF9009A622C /* macOS Application.xcconfig */ = {isa = PBXFileReference; lastKnownFileType = text.xcconfig; path = "macOS Application.xcconfig"; sourceTree = "<group>"; };
		244A446D1D9D0EF9009A622C /* macOS Extension.xcconfig */ = {isa = PBXFileReference; lastKnownFileType = text.xcconfig; path = "macOS Extension.xcconfig"; sourceTree = "<group>"; };
		244A446E1D9D0EF9009A622C /* macOS Framework.xcconfig */ = {isa = PBXFileReference; lastKnownFileType = text.xcconfig; path = "macOS Framework.xcconfig"; sourceTree = "<group>"; };
		244A446F1D9D0EF9009A622C /* macOS Tests.xcconfig */ = {isa = PBXFileReference; lastKnownFileType = text.xcconfig; path = "macOS Tests.xcconfig"; sourceTree = "<group>"; };
		244A44701D9D0EF9009A622C /* macOS UI Tests.xcconfig */ = {isa = PBXFileReference; lastKnownFileType = text.xcconfig; path = "macOS UI Tests.xcconfig"; sourceTree = "<group>"; };
		244A44711D9D0EF9009A622C /* macOS.xcconfig */ = {isa = PBXFileReference; lastKnownFileType = text.xcconfig; path = macOS.xcconfig; sourceTree = "<group>"; };
		244A44721D9D0EF9009A622C /* Release.xcconfig */ = {isa = PBXFileReference; lastKnownFileType = text.xcconfig; path = Release.xcconfig; sourceTree = "<group>"; };
		244A447B1D9D0EF9009A622C /* tvOS Application.xcconfig */ = {isa = PBXFileReference; lastKnownFileType = text.xcconfig; path = "tvOS Application.xcconfig"; sourceTree = "<group>"; };
		244A447C1D9D0EF9009A622C /* tvOS Extension.xcconfig */ = {isa = PBXFileReference; lastKnownFileType = text.xcconfig; path = "tvOS Extension.xcconfig"; sourceTree = "<group>"; };
		244A447D1D9D0EF9009A622C /* tvOS Framework.xcconfig */ = {isa = PBXFileReference; lastKnownFileType = text.xcconfig; path = "tvOS Framework.xcconfig"; sourceTree = "<group>"; };
		244A447E1D9D0EF9009A622C /* tvOS Tests.xcconfig */ = {isa = PBXFileReference; lastKnownFileType = text.xcconfig; path = "tvOS Tests.xcconfig"; sourceTree = "<group>"; };
		244A447F1D9D0EF9009A622C /* tvOS UI Tests.xcconfig */ = {isa = PBXFileReference; lastKnownFileType = text.xcconfig; path = "tvOS UI Tests.xcconfig"; sourceTree = "<group>"; };
		244A44801D9D0EF9009A622C /* tvOS.xcconfig */ = {isa = PBXFileReference; lastKnownFileType = text.xcconfig; path = tvOS.xcconfig; sourceTree = "<group>"; };
		244A44821D9D0EF9009A622C /* watchOS Application.xcconfig */ = {isa = PBXFileReference; lastKnownFileType = text.xcconfig; path = "watchOS Application.xcconfig"; sourceTree = "<group>"; };
		244A44831D9D0EF9009A622C /* watchOS Extension.xcconfig */ = {isa = PBXFileReference; lastKnownFileType = text.xcconfig; path = "watchOS Extension.xcconfig"; sourceTree = "<group>"; };
		244A44841D9D0EF9009A622C /* watchOS Framework.xcconfig */ = {isa = PBXFileReference; lastKnownFileType = text.xcconfig; path = "watchOS Framework.xcconfig"; sourceTree = "<group>"; };
		244A44851D9D0EF9009A622C /* watchOS.xcconfig */ = {isa = PBXFileReference; lastKnownFileType = text.xcconfig; path = watchOS.xcconfig; sourceTree = "<group>"; };
		24568D5919483C03001933EE /* DCTImageCacheItem.h */ = {isa = PBXFileReference; fileEncoding = 4; lastKnownFileType = sourcecode.c.h; path = DCTImageCacheItem.h; sourceTree = "<group>"; };
		24568D5A19483C03001933EE /* DCTImageCacheItem.m */ = {isa = PBXFileReference; fileEncoding = 4; lastKnownFileType = sourcecode.c.objc; path = DCTImageCacheItem.m; sourceTree = "<group>"; };
		2473F21A1BC858CA0075EA00 /* DCTImageCache.framework */ = {isa = PBXFileReference; explicitFileType = wrapper.framework; includeInIndex = 0; path = DCTImageCache.framework; sourceTree = BUILT_PRODUCTS_DIR; };
		248279FA194A2D4A007D0496 /* DCTImageCacheSizer.h */ = {isa = PBXFileReference; fileEncoding = 4; lastKnownFileType = sourcecode.c.h; path = DCTImageCacheSizer.h; sourceTree = "<group>"; };
		248279FB194A2D4A007D0496 /* DCTImageCacheSizer.m */ = {isa = PBXFileReference; fileEncoding = 4; lastKnownFileType = sourcecode.c.objc; path = DCTImageCacheSizer.m; sourceTree = "<group>"; };
		24B3EEB815A2EB1F00D5E63C /* DCTImageCache Demo.app */ = {isa = PBXFileReference; explicitFileType = wrapper.application; includeInIndex = 0; path = "DCTImageCache Demo.app"; sourceTree = BUILT_PRODUCTS_DIR; };
		24B3EEC015A2EB1F00D5E63C /* Info.plist */ = {isa = PBXFileReference; lastKnownFileType = text.plist.xml; path = Info.plist; sourceTree = "<group>"; };
		24B3EEC415A2EB1F00D5E63C /* main.m */ = {isa = PBXFileReference; lastKnownFileType = sourcecode.c.objc; path = main.m; sourceTree = "<group>"; };
		24B3EEC715A2EB1F00D5E63C /* AppDelegate.h */ = {isa = PBXFileReference; lastKnownFileType = sourcecode.c.h; path = AppDelegate.h; sourceTree = "<group>"; };
		24B3EEC815A2EB1F00D5E63C /* AppDelegate.m */ = {isa = PBXFileReference; lastKnownFileType = sourcecode.c.objc; path = AppDelegate.m; sourceTree = "<group>"; };
		24B3EECA15A2EB1F00D5E63C /* ViewController.h */ = {isa = PBXFileReference; lastKnownFileType = sourcecode.c.h; path = ViewController.h; sourceTree = "<group>"; };
		24B3EECB15A2EB1F00D5E63C /* ViewController.m */ = {isa = PBXFileReference; lastKnownFileType = sourcecode.c.objc; path = ViewController.m; sourceTree = "<group>"; };
		24B3EED515A30EEB00D5E63C /* DCTImageCacheDisk.h */ = {isa = PBXFileReference; fileEncoding = 4; lastKnownFileType = sourcecode.c.h; path = DCTImageCacheDisk.h; sourceTree = "<group>"; };
		24B3EED615A30EEB00D5E63C /* DCTImageCacheDisk.m */ = {isa = PBXFileReference; fileEncoding = 4; lastKnownFileType = sourcecode.c.objc; path = DCTImageCacheDisk.m; sourceTree = "<group>"; };
		24B3EEDD15A311D400D5E63C /* DCTImageCacheMemory.h */ = {isa = PBXFileReference; fileEncoding = 4; lastKnownFileType = sourcecode.c.h; path = DCTImageCacheMemory.h; sourceTree = "<group>"; };
		24B3EEDE15A311D400D5E63C /* DCTImageCacheMemory.m */ = {isa = PBXFileReference; fileEncoding = 4; lastKnownFileType = sourcecode.c.objc; path = DCTImageCacheMemory.m; sourceTree = "<group>"; };
		24C1582A194A178100C475FC /* DCTImageCacheFetcher.h */ = {isa = PBXFileReference; fileEncoding = 4; lastKnownFileType = sourcecode.c.h; path = DCTImageCacheFetcher.h; sourceTree = "<group>"; };
		24C1582B194A178100C475FC /* DCTImageCacheFetcher.m */ = {isa = PBXFileReference; fileEncoding = 4; lastKnownFileType = sourcecode.c.objc; path = DCTImageCacheFetcher.m; sourceTree = "<group>"; };
		24F2DB25165FEDDC008F58D5 /* _DCTImageCacheItem.h */ = {isa = PBXFileReference; fileEncoding = 4; lastKnownFileType = sourcecode.c.h; path = _DCTImageCacheItem.h; sourceTree = "<group>"; };
		24F2DB26165FEDDC008F58D5 /* _DCTImageCacheItem.m */ = {isa = PBXFileReference; fileEncoding = 4; lastKnownFileType = sourcecode.c.objc; path = _DCTImageCacheItem.m; sourceTree = "<group>"; };
		24F7CB47158A1B9D00B2E33E /* DCTImageCache.h */ = {isa = PBXFileReference; lastKnownFileType = sourcecode.c.h; path = DCTImageCache.h; sourceTree = "<group>"; };
		24F7CB49158A1B9D00B2E33E /* DCTImageCache.m */ = {isa = PBXFileReference; lastKnownFileType = sourcecode.c.objc; path = DCTImageCache.m; sourceTree = "<group>"; };
/* End PBXFileReference section */

/* Begin PBXFrameworksBuildPhase section */
		242BBAF81A938AA100CA83B7 /* Frameworks */ = {
			isa = PBXFrameworksBuildPhase;
			buildActionMask = 2147483647;
			files = (
			);
			runOnlyForDeploymentPostprocessing = 0;
		};
		242BEEC119A8F1D10063F2F2 /* Frameworks */ = {
			isa = PBXFrameworksBuildPhase;
			buildActionMask = 2147483647;
			files = (
			);
			runOnlyForDeploymentPostprocessing = 0;
		};
		2473F2091BC858CA0075EA00 /* Frameworks */ = {
			isa = PBXFrameworksBuildPhase;
			buildActionMask = 2147483647;
			files = (
			);
			runOnlyForDeploymentPostprocessing = 0;
		};
		24B3EEB515A2EB1F00D5E63C /* Frameworks */ = {
			isa = PBXFrameworksBuildPhase;
			buildActionMask = 2147483647;
			files = (
				244DE84719A91D9E00A91DC7 /* DCTImageCache.framework in Frameworks */,
			);
			runOnlyForDeploymentPostprocessing = 0;
		};
/* End PBXFrameworksBuildPhase section */

/* Begin PBXGroup section */
		242EF8EA1859D74200ED0622 /* Private */ = {
			isa = PBXGroup;
			children = (
				2433AA9A1674D57700D76DCF /* DCTImageCache+Private.h */,
				24B3EED515A30EEB00D5E63C /* DCTImageCacheDisk.h */,
				24B3EED615A30EEB00D5E63C /* DCTImageCacheDisk.m */,
				24568D5919483C03001933EE /* DCTImageCacheItem.h */,
				24568D5A19483C03001933EE /* DCTImageCacheItem.m */,
				24F2DB25165FEDDC008F58D5 /* _DCTImageCacheItem.h */,
				24F2DB26165FEDDC008F58D5 /* _DCTImageCacheItem.m */,
				24B3EEDD15A311D400D5E63C /* DCTImageCacheMemory.h */,
				24B3EEDE15A311D400D5E63C /* DCTImageCacheMemory.m */,
				24C1582A194A178100C475FC /* DCTImageCacheFetcher.h */,
				24C1582B194A178100C475FC /* DCTImageCacheFetcher.m */,
				248279FA194A2D4A007D0496 /* DCTImageCacheSizer.h */,
				248279FB194A2D4A007D0496 /* DCTImageCacheSizer.m */,
			);
			name = Private;
			sourceTree = "<group>";
		};
		244A445E1D9D0EF9009A622C /* Configurations */ = {
			isa = PBXGroup;
			children = (
				244A44601D9D0EF9009A622C /* Debug.xcconfig */,
				244A44621D9D0EF9009A622C /* iOS */,
				244A446B1D9D0EF9009A622C /* macOS */,
				244A44721D9D0EF9009A622C /* Release.xcconfig */,
				244A447A1D9D0EF9009A622C /* tvOS */,
				244A44811D9D0EF9009A622C /* watchOS */,
			);
			path = Configurations;
			sourceTree = "<group>";
		};
		244A44621D9D0EF9009A622C /* iOS */ = {
			isa = PBXGroup;
			children = (
				244A44631D9D0EF9009A622C /* iOS Application.xcconfig */,
				244A44641D9D0EF9009A622C /* iOS Bundle.xcconfig */,
				244A44651D9D0EF9009A622C /* iOS Extension.xcconfig */,
				244A44661D9D0EF9009A622C /* iOS Framework.xcconfig */,
				244A44671D9D0EF9009A622C /* iOS Static Library.xcconfig */,
				244A44681D9D0EF9009A622C /* iOS Tests.xcconfig */,
				244A44691D9D0EF9009A622C /* iOS UI Tests.xcconfig */,
				244A446A1D9D0EF9009A622C /* iOS.xcconfig */,
			);
			path = iOS;
			sourceTree = "<group>";
		};
		244A446B1D9D0EF9009A622C /* macOS */ = {
			isa = PBXGroup;
			children = (
				244A446C1D9D0EF9009A622C /* macOS Application.xcconfig */,
				244A446D1D9D0EF9009A622C /* macOS Extension.xcconfig */,
				244A446E1D9D0EF9009A622C /* macOS Framework.xcconfig */,
				244A446F1D9D0EF9009A622C /* macOS Tests.xcconfig */,
				244A44701D9D0EF9009A622C /* macOS UI Tests.xcconfig */,
				244A44711D9D0EF9009A622C /* macOS.xcconfig */,
			);
			path = macOS;
			sourceTree = "<group>";
		};
		244A447A1D9D0EF9009A622C /* tvOS */ = {
			isa = PBXGroup;
			children = (
				244A447B1D9D0EF9009A622C /* tvOS Application.xcconfig */,
				244A447C1D9D0EF9009A622C /* tvOS Extension.xcconfig */,
				244A447D1D9D0EF9009A622C /* tvOS Framework.xcconfig */,
				244A447E1D9D0EF9009A622C /* tvOS Tests.xcconfig */,
				244A447F1D9D0EF9009A622C /* tvOS UI Tests.xcconfig */,
				244A44801D9D0EF9009A622C /* tvOS.xcconfig */,
			);
			path = tvOS;
			sourceTree = "<group>";
		};
		244A44811D9D0EF9009A622C /* watchOS */ = {
			isa = PBXGroup;
			children = (
				244A44821D9D0EF9009A622C /* watchOS Application.xcconfig */,
				244A44831D9D0EF9009A622C /* watchOS Extension.xcconfig */,
				244A44841D9D0EF9009A622C /* watchOS Framework.xcconfig */,
				244A44851D9D0EF9009A622C /* watchOS.xcconfig */,
			);
			path = watchOS;
			sourceTree = "<group>";
		};
		24B3EEBE15A2EB1F00D5E63C /* DCTImageCache Demo */ = {
			isa = PBXGroup;
			children = (
				242A90BB194890D40050B8C6 /* iPhone.storyboard */,
				242A90BD1948915A0050B8C6 /* Media.xcassets */,
				24B3EEC715A2EB1F00D5E63C /* AppDelegate.h */,
				24B3EEC815A2EB1F00D5E63C /* AppDelegate.m */,
				24B3EECA15A2EB1F00D5E63C /* ViewController.h */,
				24B3EECB15A2EB1F00D5E63C /* ViewController.m */,
				2406F9771678B38600428406 /* TableViewCell.h */,
				2406F9781678B38600428406 /* TableViewCell.m */,
				24B3EEC015A2EB1F00D5E63C /* Info.plist */,
				24B3EEC415A2EB1F00D5E63C /* main.m */,
			);
			path = "DCTImageCache Demo";
			sourceTree = "<group>";
		};
		24F7CB34158A1B9D00B2E33E = {
			isa = PBXGroup;
			children = (
				24F7CB44158A1B9D00B2E33E /* DCTImageCache */,
				24B3EEBE15A2EB1F00D5E63C /* DCTImageCache Demo */,
				244A445E1D9D0EF9009A622C /* Configurations */,
				24F7CB40158A1B9D00B2E33E /* Products */,
			);
			sourceTree = "<group>";
		};
		24F7CB40158A1B9D00B2E33E /* Products */ = {
			isa = PBXGroup;
			children = (
				24B3EEB815A2EB1F00D5E63C /* DCTImageCache Demo.app */,
				242BEEC519A8F1D10063F2F2 /* DCTImageCache.framework */,
				242BBAFC1A938AA100CA83B7 /* DCTImageCache.framework */,
				2473F21A1BC858CA0075EA00 /* DCTImageCache.framework */,
			);
			name = Products;
			sourceTree = "<group>";
		};
		24F7CB44158A1B9D00B2E33E /* DCTImageCache */ = {
			isa = PBXGroup;
			children = (
				24F7CB47158A1B9D00B2E33E /* DCTImageCache.h */,
				24F7CB49158A1B9D00B2E33E /* DCTImageCache.m */,
				24244607167509D200621FFF /* DCTImageCacheAttributes.h */,
				24244608167509D200621FFF /* DCTImageCacheAttributes.m */,
				2423E7CF18675CF300927EBA /* DCTImageCacheDelegate.h */,
				242BBB161A938B8600CA83B7 /* DCTImageCache.xcdatamodeld */,
				242BBB151A938B6100CA83B7 /* Info.plist */,
				242EF8EA1859D74200ED0622 /* Private */,
			);
			path = DCTImageCache;
			sourceTree = "<group>";
		};
/* End PBXGroup section */

/* Begin PBXHeadersBuildPhase section */
		242BBAF91A938AA100CA83B7 /* Headers */ = {
			isa = PBXHeadersBuildPhase;
			buildActionMask = 2147483647;
			files = (
				242BBB1C1A938BB800CA83B7 /* DCTImageCache.h in Headers */,
				242BBB1D1A938BB800CA83B7 /* DCTImageCacheAttributes.h in Headers */,
				242BBB1E1A938BB800CA83B7 /* DCTImageCacheDelegate.h in Headers */,
				242BBB1F1A938BC500CA83B7 /* DCTImageCache+Private.h in Headers */,
				242BBB201A938BC500CA83B7 /* DCTImageCacheDisk.h in Headers */,
				242BBB211A938BC500CA83B7 /* DCTImageCacheItem.h in Headers */,
				242BBB221A938BC500CA83B7 /* _DCTImageCacheItem.h in Headers */,
				242BBB231A938BC500CA83B7 /* DCTImageCacheMemory.h in Headers */,
				242BBB241A938BC500CA83B7 /* DCTImageCacheFetcher.h in Headers */,
				242BBB251A938BC500CA83B7 /* DCTImageCacheSizer.h in Headers */,
			);
			runOnlyForDeploymentPostprocessing = 0;
		};
		242BEEC219A8F1D10063F2F2 /* Headers */ = {
			isa = PBXHeadersBuildPhase;
			buildActionMask = 2147483647;
			files = (
				242BEEE519A8F2FE0063F2F2 /* DCTImageCache.h in Headers */,
				242BEEE719A8F3020063F2F2 /* DCTImageCacheDelegate.h in Headers */,
				242BEEE619A8F3000063F2F2 /* DCTImageCacheAttributes.h in Headers */,
				242BEEE819A8F30D0063F2F2 /* DCTImageCache+Private.h in Headers */,
				242BEEE919A8F30D0063F2F2 /* DCTImageCacheDisk.h in Headers */,
				242BEEEA19A8F30D0063F2F2 /* DCTImageCacheItem.h in Headers */,
				242BEEEB19A8F30D0063F2F2 /* _DCTImageCacheItem.h in Headers */,
				242BEEEC19A8F30D0063F2F2 /* DCTImageCacheMemory.h in Headers */,
				242BEEED19A8F30D0063F2F2 /* DCTImageCacheFetcher.h in Headers */,
				242BEEEE19A8F30D0063F2F2 /* DCTImageCacheSizer.h in Headers */,
			);
			runOnlyForDeploymentPostprocessing = 0;
		};
		2473F20A1BC858CA0075EA00 /* Headers */ = {
			isa = PBXHeadersBuildPhase;
			buildActionMask = 2147483647;
			files = (
				2473F20B1BC858CA0075EA00 /* DCTImageCache.h in Headers */,
				2473F20C1BC858CA0075EA00 /* DCTImageCacheDelegate.h in Headers */,
				2473F20D1BC858CA0075EA00 /* DCTImageCacheAttributes.h in Headers */,
				2473F20E1BC858CA0075EA00 /* DCTImageCache+Private.h in Headers */,
				2473F20F1BC858CA0075EA00 /* DCTImageCacheDisk.h in Headers */,
				2473F2101BC858CA0075EA00 /* DCTImageCacheItem.h in Headers */,
				2473F2111BC858CA0075EA00 /* _DCTImageCacheItem.h in Headers */,
				2473F2121BC858CA0075EA00 /* DCTImageCacheMemory.h in Headers */,
				2473F2131BC858CA0075EA00 /* DCTImageCacheFetcher.h in Headers */,
				2473F2141BC858CA0075EA00 /* DCTImageCacheSizer.h in Headers */,
			);
			runOnlyForDeploymentPostprocessing = 0;
		};
/* End PBXHeadersBuildPhase section */

/* Begin PBXNativeTarget section */
		242BBAFB1A938AA100CA83B7 /* DCTImageCache OS X */ = {
			isa = PBXNativeTarget;
			buildConfigurationList = 242BBB131A938AA100CA83B7 /* Build configuration list for PBXNativeTarget "DCTImageCache OS X" */;
			buildPhases = (
				242BBAF71A938AA100CA83B7 /* Sources */,
				242BBAF81A938AA100CA83B7 /* Frameworks */,
				242BBAF91A938AA100CA83B7 /* Headers */,
				242BBAFA1A938AA100CA83B7 /* Resources */,
			);
			buildRules = (
			);
			dependencies = (
			);
			name = "DCTImageCache OS X";
			productName = "DCTImageCache OS X";
			productReference = 242BBAFC1A938AA100CA83B7 /* DCTImageCache.framework */;
			productType = "com.apple.product-type.framework";
		};
		242BEEC419A8F1D10063F2F2 /* DCTImageCache iOS */ = {
			isa = PBXNativeTarget;
			buildConfigurationList = 242BEED919A8F1D10063F2F2 /* Build configuration list for PBXNativeTarget "DCTImageCache iOS" */;
			buildPhases = (
				242BEEC019A8F1D10063F2F2 /* Sources */,
				242BEEC119A8F1D10063F2F2 /* Frameworks */,
				242BEEC219A8F1D10063F2F2 /* Headers */,
				242BEEC319A8F1D10063F2F2 /* Resources */,
				240C637E1A6457C0007CD368 /* Documentation */,
			);
			buildRules = (
			);
			dependencies = (
			);
			name = "DCTImageCache iOS";
			productName = "DCTImageCache iOS";
			productReference = 242BEEC519A8F1D10063F2F2 /* DCTImageCache.framework */;
			productType = "com.apple.product-type.framework";
		};
		2473F1FE1BC858CA0075EA00 /* DCTImageCache tvOS */ = {
			isa = PBXNativeTarget;
			buildConfigurationList = 2473F2171BC858CA0075EA00 /* Build configuration list for PBXNativeTarget "DCTImageCache tvOS" */;
			buildPhases = (
				2473F1FF1BC858CA0075EA00 /* Sources */,
				2473F2091BC858CA0075EA00 /* Frameworks */,
				2473F20A1BC858CA0075EA00 /* Headers */,
				2473F2151BC858CA0075EA00 /* Resources */,
				2473F2161BC858CA0075EA00 /* Documentation */,
			);
			buildRules = (
			);
			dependencies = (
			);
			name = "DCTImageCache tvOS";
			productName = "DCTImageCache iOS";
			productReference = 2473F21A1BC858CA0075EA00 /* DCTImageCache.framework */;
			productType = "com.apple.product-type.framework";
		};
		24B3EEB715A2EB1F00D5E63C /* DCTImageCache Demo */ = {
			isa = PBXNativeTarget;
			buildConfigurationList = 24B3EED215A2EB1F00D5E63C /* Build configuration list for PBXNativeTarget "DCTImageCache Demo" */;
			buildPhases = (
				24B3EEB415A2EB1F00D5E63C /* Sources */,
				24B3EEB515A2EB1F00D5E63C /* Frameworks */,
				24B3EEB615A2EB1F00D5E63C /* Resources */,
				244DE84B19A91D9E00A91DC7 /* Embed Frameworks */,
			);
			buildRules = (
			);
			dependencies = (
				244DE84A19A91D9E00A91DC7 /* PBXTargetDependency */,
			);
			name = "DCTImageCache Demo";
			productName = DCTImageCaccheDemo;
			productReference = 24B3EEB815A2EB1F00D5E63C /* DCTImageCache Demo.app */;
			productType = "com.apple.product-type.application";
		};
/* End PBXNativeTarget section */

/* Begin PBXProject section */
		24F7CB36158A1B9D00B2E33E /* Project object */ = {
			isa = PBXProject;
			attributes = {
				LastTestingUpgradeCheck = 0510;
				LastUpgradeCheck = 0730;
				ORGANIZATIONNAME = "Daniel Tull";
				TargetAttributes = {
					242BBAFB1A938AA100CA83B7 = {
						CreatedOnToolsVersion = 6.1.1;
					};
					242BEEC419A8F1D10063F2F2 = {
						CreatedOnToolsVersion = 6.0;
						LastSwiftMigration = 0800;
					};
				};
			};
			buildConfigurationList = 24F7CB39158A1B9D00B2E33E /* Build configuration list for PBXProject "DCTImageCache" */;
			compatibilityVersion = "Xcode 3.2";
			developmentRegion = English;
			hasScannedForEncodings = 0;
			knownRegions = (
				en,
			);
			mainGroup = 24F7CB34158A1B9D00B2E33E;
			productRefGroup = 24F7CB40158A1B9D00B2E33E /* Products */;
			projectDirPath = "";
			projectRoot = "";
			targets = (
				242BEEC419A8F1D10063F2F2 /* DCTImageCache iOS */,
				242BBAFB1A938AA100CA83B7 /* DCTImageCache OS X */,
				2473F1FE1BC858CA0075EA00 /* DCTImageCache tvOS */,
				24B3EEB715A2EB1F00D5E63C /* DCTImageCache Demo */,
			);
		};
/* End PBXProject section */

/* Begin PBXResourcesBuildPhase section */
		242BBAFA1A938AA100CA83B7 /* Resources */ = {
			isa = PBXResourcesBuildPhase;
			buildActionMask = 2147483647;
			files = (
			);
			runOnlyForDeploymentPostprocessing = 0;
		};
		242BEEC319A8F1D10063F2F2 /* Resources */ = {
			isa = PBXResourcesBuildPhase;
			buildActionMask = 2147483647;
			files = (
			);
			runOnlyForDeploymentPostprocessing = 0;
		};
		2473F2151BC858CA0075EA00 /* Resources */ = {
			isa = PBXResourcesBuildPhase;
			buildActionMask = 2147483647;
			files = (
			);
			runOnlyForDeploymentPostprocessing = 0;
		};
		24B3EEB615A2EB1F00D5E63C /* Resources */ = {
			isa = PBXResourcesBuildPhase;
			buildActionMask = 2147483647;
			files = (
				242A90BC194890D40050B8C6 /* iPhone.storyboard in Resources */,
				242A90BE1948915A0050B8C6 /* Media.xcassets in Resources */,
			);
			runOnlyForDeploymentPostprocessing = 0;
		};
/* End PBXResourcesBuildPhase section */

/* Begin PBXShellScriptBuildPhase section */
		240C637E1A6457C0007CD368 /* Documentation */ = {
			isa = PBXShellScriptBuildPhase;
			buildActionMask = 2147483647;
			files = (
			);
			inputPaths = (
			);
			name = Documentation;
			outputPaths = (
			);
			runOnlyForDeploymentPostprocessing = 0;
			shellPath = /bin/sh;
			shellScript = "./Scripts/documentation.sh -c \"Daniel Tull\" -i \"uk.co.danieltull\" > /dev/null 2>&1 &\n";
		};
		2473F2161BC858CA0075EA00 /* Documentation */ = {
			isa = PBXShellScriptBuildPhase;
			buildActionMask = 2147483647;
			files = (
			);
			inputPaths = (
			);
			name = Documentation;
			outputPaths = (
			);
			runOnlyForDeploymentPostprocessing = 0;
			shellPath = /bin/sh;
			shellScript = "./Scripts/documentation.sh -c \"Daniel Tull\" -i \"uk.co.danieltull\" > /dev/null 2>&1 &\n";
		};
/* End PBXShellScriptBuildPhase section */

/* Begin PBXSourcesBuildPhase section */
		242BBAF71A938AA100CA83B7 /* Sources */ = {
			isa = PBXSourcesBuildPhase;
			buildActionMask = 2147483647;
			files = (
				242BBB261A938BD900CA83B7 /* DCTImageCache.m in Sources */,
				242BBB271A938BD900CA83B7 /* DCTImageCacheAttributes.m in Sources */,
				242BBB281A938BD900CA83B7 /* DCTImageCacheDisk.m in Sources */,
				242BBB291A938BD900CA83B7 /* DCTImageCacheItem.m in Sources */,
				242BBB2A1A938BD900CA83B7 /* _DCTImageCacheItem.m in Sources */,
				242BBB2B1A938BD900CA83B7 /* DCTImageCacheMemory.m in Sources */,
				242BBB2C1A938BD900CA83B7 /* DCTImageCacheFetcher.m in Sources */,
				242BBB2D1A938BD900CA83B7 /* DCTImageCacheSizer.m in Sources */,
				242BBB191A938B8600CA83B7 /* DCTImageCache.xcdatamodeld in Sources */,
			);
			runOnlyForDeploymentPostprocessing = 0;
		};
		242BEEC019A8F1D10063F2F2 /* Sources */ = {
			isa = PBXSourcesBuildPhase;
			buildActionMask = 2147483647;
			files = (
				242BEEEF19A8F31A0063F2F2 /* DCTImageCache.m in Sources */,
				242BEEF019A8F31A0063F2F2 /* DCTImageCacheAttributes.m in Sources */,
				242BEEF119A8F31A0063F2F2 /* DCTImageCacheDisk.m in Sources */,
				242BEEF219A8F31A0063F2F2 /* DCTImageCacheItem.m in Sources */,
				242BEEF319A8F31A0063F2F2 /* _DCTImageCacheItem.m in Sources */,
				242BEEF419A8F31A0063F2F2 /* DCTImageCacheMemory.m in Sources */,
				242BBB181A938B8600CA83B7 /* DCTImageCache.xcdatamodeld in Sources */,
				242BEEF519A8F31A0063F2F2 /* DCTImageCacheFetcher.m in Sources */,
				242BEEF619A8F31A0063F2F2 /* DCTImageCacheSizer.m in Sources */,
			);
			runOnlyForDeploymentPostprocessing = 0;
		};
		2473F1FF1BC858CA0075EA00 /* Sources */ = {
			isa = PBXSourcesBuildPhase;
			buildActionMask = 2147483647;
			files = (
				2473F2001BC858CA0075EA00 /* DCTImageCache.m in Sources */,
				2473F2011BC858CA0075EA00 /* DCTImageCacheAttributes.m in Sources */,
				2473F2021BC858CA0075EA00 /* DCTImageCacheDisk.m in Sources */,
				2473F2031BC858CA0075EA00 /* DCTImageCacheItem.m in Sources */,
				2473F2041BC858CA0075EA00 /* _DCTImageCacheItem.m in Sources */,
				2473F2051BC858CA0075EA00 /* DCTImageCacheMemory.m in Sources */,
				2473F2061BC858CA0075EA00 /* DCTImageCache.xcdatamodeld in Sources */,
				2473F2071BC858CA0075EA00 /* DCTImageCacheFetcher.m in Sources */,
				2473F2081BC858CA0075EA00 /* DCTImageCacheSizer.m in Sources */,
			);
			runOnlyForDeploymentPostprocessing = 0;
		};
		24B3EEB415A2EB1F00D5E63C /* Sources */ = {
			isa = PBXSourcesBuildPhase;
			buildActionMask = 2147483647;
			files = (
				24B3EEC515A2EB1F00D5E63C /* main.m in Sources */,
				24B3EEC915A2EB1F00D5E63C /* AppDelegate.m in Sources */,
				24B3EECC15A2EB1F00D5E63C /* ViewController.m in Sources */,
				2406F9791678B38600428406 /* TableViewCell.m in Sources */,
			);
			runOnlyForDeploymentPostprocessing = 0;
		};
/* End PBXSourcesBuildPhase section */

/* Begin PBXTargetDependency section */
		244DE84A19A91D9E00A91DC7 /* PBXTargetDependency */ = {
			isa = PBXTargetDependency;
			target = 242BEEC419A8F1D10063F2F2 /* DCTImageCache iOS */;
			targetProxy = 244DE84919A91D9E00A91DC7 /* PBXContainerItemProxy */;
		};
/* End PBXTargetDependency section */

/* Begin XCBuildConfiguration section */
		242BBB0F1A938AA100CA83B7 /* Debug */ = {
			isa = XCBuildConfiguration;
			baseConfigurationReference = 244A446E1D9D0EF9009A622C /* macOS Framework.xcconfig */;
			buildSettings = {
				DYLIB_COMPATIBILITY_VERSION = 1;
				DYLIB_CURRENT_VERSION = 1;
				INFOPLIST_FILE = "${PRODUCT_NAME}/Info.plist";
				MACOSX_DEPLOYMENT_TARGET = 10.10;
				PRODUCT_NAME = DCTImageCache;
			};
			name = Debug;
		};
		242BBB101A938AA100CA83B7 /* Release */ = {
			isa = XCBuildConfiguration;
			baseConfigurationReference = 244A446E1D9D0EF9009A622C /* macOS Framework.xcconfig */;
			buildSettings = {
				DYLIB_COMPATIBILITY_VERSION = 1;
				DYLIB_CURRENT_VERSION = 1;
				INFOPLIST_FILE = "${PRODUCT_NAME}/Info.plist";
				MACOSX_DEPLOYMENT_TARGET = 10.10;
				PRODUCT_NAME = DCTImageCache;
			};
			name = Release;
		};
		242BEED519A8F1D10063F2F2 /* Debug */ = {
			isa = XCBuildConfiguration;
			baseConfigurationReference = 244A44661D9D0EF9009A622C /* iOS Framework.xcconfig */;
			buildSettings = {
				DYLIB_COMPATIBILITY_VERSION = 1;
				DYLIB_CURRENT_VERSION = 1;
				IPHONEOS_DEPLOYMENT_TARGET = 8.0;
				PRODUCT_NAME = DCTImageCache;
				SWIFT_VERSION = 3.0;
			};
			name = Debug;
		};
		242BEED619A8F1D10063F2F2 /* Release */ = {
			isa = XCBuildConfiguration;
			baseConfigurationReference = 244A44661D9D0EF9009A622C /* iOS Framework.xcconfig */;
			buildSettings = {
				DYLIB_COMPATIBILITY_VERSION = 1;
				DYLIB_CURRENT_VERSION = 1;
				IPHONEOS_DEPLOYMENT_TARGET = 8.0;
				PRODUCT_NAME = DCTImageCache;
				SWIFT_VERSION = 3.0;
			};
			name = Release;
		};
		2473F2181BC858CA0075EA00 /* Debug */ = {
			isa = XCBuildConfiguration;
			baseConfigurationReference = 244A447D1D9D0EF9009A622C /* tvOS Framework.xcconfig */;
			buildSettings = {
				DYLIB_COMPATIBILITY_VERSION = 1;
				DYLIB_CURRENT_VERSION = 1;
				PRODUCT_NAME = DCTImageCache;
			};
			name = Debug;
		};
		2473F2191BC858CA0075EA00 /* Release */ = {
			isa = XCBuildConfiguration;
			baseConfigurationReference = 244A447D1D9D0EF9009A622C /* tvOS Framework.xcconfig */;
			buildSettings = {
				DYLIB_COMPATIBILITY_VERSION = 1;
				DYLIB_CURRENT_VERSION = 1;
				PRODUCT_NAME = DCTImageCache;
			};
			name = Release;
		};
		24B3EED015A2EB1F00D5E63C /* Debug */ = {
			isa = XCBuildConfiguration;
			baseConfigurationReference = 244A44631D9D0EF9009A622C /* iOS Application.xcconfig */;
			buildSettings = {
				IPHONEOS_DEPLOYMENT_TARGET = 8.0;
				LD_RUNPATH_SEARCH_PATHS = "$(inherited) @executable_path/Frameworks";
			};
			name = Debug;
		};
		24B3EED115A2EB1F00D5E63C /* Release */ = {
			isa = XCBuildConfiguration;
			baseConfigurationReference = 244A44631D9D0EF9009A622C /* iOS Application.xcconfig */;
			buildSettings = {
				IPHONEOS_DEPLOYMENT_TARGET = 8.0;
				LD_RUNPATH_SEARCH_PATHS = "$(inherited) @executable_path/Frameworks";
			};
			name = Release;
		};
		24F7CB62158A1B9D00B2E33E /* Debug */ = {
			isa = XCBuildConfiguration;
			baseConfigurationReference = 244A44601D9D0EF9009A622C /* Debug.xcconfig */;
			buildSettings = {
				CURRENT_PROJECT_VERSION = 1;
				PRODUCT_BUNDLE_IDENTIFIER = "uk.co.danieltull.$(PRODUCT_NAME:rfc1034identifier)";
			};
			name = Debug;
		};
		24F7CB63158A1B9D00B2E33E /* Release */ = {
			isa = XCBuildConfiguration;
			baseConfigurationReference = 244A44721D9D0EF9009A622C /* Release.xcconfig */;
			buildSettings = {
				CURRENT_PROJECT_VERSION = 1;
				PRODUCT_BUNDLE_IDENTIFIER = "uk.co.danieltull.$(PRODUCT_NAME:rfc1034identifier)";
			};
			name = Release;
		};
/* End XCBuildConfiguration section */

/* Begin XCConfigurationList section */
		242BBB131A938AA100CA83B7 /* Build configuration list for PBXNativeTarget "DCTImageCache OS X" */ = {
			isa = XCConfigurationList;
			buildConfigurations = (
				242BBB0F1A938AA100CA83B7 /* Debug */,
				242BBB101A938AA100CA83B7 /* Release */,
			);
			defaultConfigurationIsVisible = 0;
			defaultConfigurationName = Release;
		};
		242BEED919A8F1D10063F2F2 /* Build configuration list for PBXNativeTarget "DCTImageCache iOS" */ = {
			isa = XCConfigurationList;
			buildConfigurations = (
				242BEED519A8F1D10063F2F2 /* Debug */,
				242BEED619A8F1D10063F2F2 /* Release */,
			);
			defaultConfigurationIsVisible = 0;
			defaultConfigurationName = Release;
		};
		2473F2171BC858CA0075EA00 /* Build configuration list for PBXNativeTarget "DCTImageCache tvOS" */ = {
			isa = XCConfigurationList;
			buildConfigurations = (
				2473F2181BC858CA0075EA00 /* Debug */,
				2473F2191BC858CA0075EA00 /* Release */,
			);
			defaultConfigurationIsVisible = 0;
			defaultConfigurationName = Release;
		};
		24B3EED215A2EB1F00D5E63C /* Build configuration list for PBXNativeTarget "DCTImageCache Demo" */ = {
			isa = XCConfigurationList;
			buildConfigurations = (
				24B3EED015A2EB1F00D5E63C /* Debug */,
				24B3EED115A2EB1F00D5E63C /* Release */,
			);
			defaultConfigurationIsVisible = 0;
			defaultConfigurationName = Release;
		};
		24F7CB39158A1B9D00B2E33E /* Build configuration list for PBXProject "DCTImageCache" */ = {
			isa = XCConfigurationList;
			buildConfigurations = (
				24F7CB62158A1B9D00B2E33E /* Debug */,
				24F7CB63158A1B9D00B2E33E /* Release */,
			);
			defaultConfigurationIsVisible = 0;
			defaultConfigurationName = Release;
		};
/* End XCConfigurationList section */

/* Begin XCVersionGroup section */
		242BBB161A938B8600CA83B7 /* DCTImageCache.xcdatamodeld */ = {
			isa = XCVersionGroup;
			children = (
				242BBB171A938B8600CA83B7 /* DCTImageCache.xcdatamodel */,
			);
			currentVersion = 242BBB171A938B8600CA83B7 /* DCTImageCache.xcdatamodel */;
			path = DCTImageCache.xcdatamodeld;
			sourceTree = "<group>";
			versionGroupType = wrapper.xcdatamodel;
		};
/* End XCVersionGroup section */
	};
	rootObject = 24F7CB36158A1B9D00B2E33E /* Project object */;
}
